// !$*UTF8*$!
{
	archiveVersion = 1;
	classes = {
	};
	objectVersion = 56;
	objects = {

/* Begin PBXBuildFile section */
		65B1C7972BB1D38E00521468 /* IMGLYApp.swift in Sources */ = {isa = PBXBuildFile; fileRef = 65B1C7962BB1D38E00521468 /* IMGLYApp.swift */; };
		65B1C79B2BB1D39000521468 /* Assets.xcassets in Resources */ = {isa = PBXBuildFile; fileRef = 65B1C79A2BB1D39000521468 /* Assets.xcassets */; };
		65B1C79E2BB1D39000521468 /* Preview Assets.xcassets in Resources */ = {isa = PBXBuildFile; fileRef = 65B1C79D2BB1D39000521468 /* Preview Assets.xcassets */; };
		65B1C7D12BB1DA1500521468 /* Core.framework in Frameworks */ = {isa = PBXBuildFile; fileRef = 65B1C7C92BB1DA1400521468 /* Core.framework */; };
		65B1C7D72BB1DA1500521468 /* Core.h in Headers */ = {isa = PBXBuildFile; fileRef = 65B1C7CB2BB1DA1500521468 /* Core.h */; settings = {ATTRIBUTES = (Public, ); }; };
		65B1C7E22BB1DD5F00521468 /* TreeNode.swift in Sources */ = {isa = PBXBuildFile; fileRef = 65B1C7E12BB1DD5F00521468 /* TreeNode.swift */; };
		65B1C7E42BB1DE2700521468 /* TreeNodeLoader.swift in Sources */ = {isa = PBXBuildFile; fileRef = 65B1C7E32BB1DE2700521468 /* TreeNodeLoader.swift */; };
		65B1C7E92BB1DEF100521468 /* RemoteTreeNodeLoaderTests.swift in Sources */ = {isa = PBXBuildFile; fileRef = 65B1C7E82BB1DEF100521468 /* RemoteTreeNodeLoaderTests.swift */; };
		65B1C7EC2BB1E8F000521468 /* XCTestCase+MemoryLeakTracking.swift in Sources */ = {isa = PBXBuildFile; fileRef = 65B1C7EB2BB1E8F000521468 /* XCTestCase+MemoryLeakTracking.swift */; };
		65B1C7EF2BB2300D00521468 /* RemoteTreeNodeLoader.swift in Sources */ = {isa = PBXBuildFile; fileRef = 65B1C7EE2BB2300D00521468 /* RemoteTreeNodeLoader.swift */; };
		65B1C7F22BB2306700521468 /* HTTPClient.swift in Sources */ = {isa = PBXBuildFile; fileRef = 65B1C7F12BB2306700521468 /* HTTPClient.swift */; };
		65B1C7F42BB2309F00521468 /* RemoteTreeMapper.swift in Sources */ = {isa = PBXBuildFile; fileRef = 65B1C7F32BB2309F00521468 /* RemoteTreeMapper.swift */; };
		65B1C7F62BB2328A00521468 /* URLSessionHttpAdapter.swift in Sources */ = {isa = PBXBuildFile; fileRef = 65B1C7F52BB2328A00521468 /* URLSessionHttpAdapter.swift */; };
		65B1C7FB2BB2338600521468 /* LeafNodeLoader.swift in Sources */ = {isa = PBXBuildFile; fileRef = 65B1C7F92BB2338600521468 /* LeafNodeLoader.swift */; };
		65B1C7FC2BB2338600521468 /* LeafNode.swift in Sources */ = {isa = PBXBuildFile; fileRef = 65B1C7FA2BB2338600521468 /* LeafNode.swift */; };
		65B1C8012BB2345800521468 /* RemoteLeafNodeMapper.swift in Sources */ = {isa = PBXBuildFile; fileRef = 65B1C7FF2BB2345800521468 /* RemoteLeafNodeMapper.swift */; };
		65B1C8022BB2345800521468 /* RemoteLeafNodeLoader.swift in Sources */ = {isa = PBXBuildFile; fileRef = 65B1C8002BB2345800521468 /* RemoteLeafNodeLoader.swift */; };
		65B1C8052BB234D600521468 /* TreeNodeEndPoint.swift in Sources */ = {isa = PBXBuildFile; fileRef = 65B1C8042BB234D600521468 /* TreeNodeEndPoint.swift */; };
		65B1C8072BB2353C00521468 /* LeafNodeEndPoint.swift in Sources */ = {isa = PBXBuildFile; fileRef = 65B1C8062BB2353B00521468 /* LeafNodeEndPoint.swift */; };
		65B1C8092BB236A300521468 /* RemoteLeafNodeLoaderTests.swift in Sources */ = {isa = PBXBuildFile; fileRef = 65B1C8082BB236A300521468 /* RemoteLeafNodeLoaderTests.swift */; };
		65B1C80C2BB2372D00521468 /* Helpers.swift in Sources */ = {isa = PBXBuildFile; fileRef = 65B1C80B2BB2372D00521468 /* Helpers.swift */; };
		65B1C8162BB243F800521468 /* HeptaSlab-Bold.ttf in Resources */ = {isa = PBXBuildFile; fileRef = 65B1C80F2BB243F800521468 /* HeptaSlab-Bold.ttf */; };
		65B1C8172BB243F800521468 /* PlayfairDisplay-Bold.ttf in Resources */ = {isa = PBXBuildFile; fileRef = 65B1C8102BB243F800521468 /* PlayfairDisplay-Bold.ttf */; };
		65B1C8182BB243F800521468 /* Raleway-Bold.ttf in Resources */ = {isa = PBXBuildFile; fileRef = 65B1C8112BB243F800521468 /* Raleway-Bold.ttf */; };
		65B1C8192BB243F800521468 /* Raleway-Regular.ttf in Resources */ = {isa = PBXBuildFile; fileRef = 65B1C8122BB243F800521468 /* Raleway-Regular.ttf */; };
		65B1C81A2BB243F800521468 /* SpaceGrotesk-Bold.ttf in Resources */ = {isa = PBXBuildFile; fileRef = 65B1C8132BB243F800521468 /* SpaceGrotesk-Bold.ttf */; };
		65B1C81B2BB243F800521468 /* SpaceGrotesk-Regular.ttf in Resources */ = {isa = PBXBuildFile; fileRef = 65B1C8142BB243F800521468 /* SpaceGrotesk-Regular.ttf */; };
		65B1C8252BB2440E00521468 /* MiscellaneousTokens.swift in Sources */ = {isa = PBXBuildFile; fileRef = 65B1C81C2BB2440E00521468 /* MiscellaneousTokens.swift */; };
		65B1C8262BB2440E00521468 /* BaseColors.swift in Sources */ = {isa = PBXBuildFile; fileRef = 65B1C81E2BB2440E00521468 /* BaseColors.swift */; };
		65B1C8272BB2440E00521468 /* ColorTokens.swift in Sources */ = {isa = PBXBuildFile; fileRef = 65B1C81F2BB2440E00521468 /* ColorTokens.swift */; };
		65B1C8282BB2440E00521468 /* DesignLibrary.swift in Sources */ = {isa = PBXBuildFile; fileRef = 65B1C8212BB2440E00521468 /* DesignLibrary.swift */; };
		65B1C8292BB2440E00521468 /* CustomFont.swift in Sources */ = {isa = PBXBuildFile; fileRef = 65B1C8222BB2440E00521468 /* CustomFont.swift */; };
		65B1C82A2BB2440E00521468 /* FontTokens.swift in Sources */ = {isa = PBXBuildFile; fileRef = 65B1C8232BB2440E00521468 /* FontTokens.swift */; };
		65B1C82F2BB248D600521468 /* NavBarModifier.swift in Sources */ = {isa = PBXBuildFile; fileRef = 65B1C82C2BB248D600521468 /* NavBarModifier.swift */; };
		65B1C8302BB248D600521468 /* RetryButton.swift in Sources */ = {isa = PBXBuildFile; fileRef = 65B1C82D2BB248D600521468 /* RetryButton.swift */; };
		65B1C8382BB2492800521468 /* TreeCellViewModel.swift in Sources */ = {isa = PBXBuildFile; fileRef = 65B1C8312BB2492800521468 /* TreeCellViewModel.swift */; };
		65B1C8392BB2492800521468 /* TreeViewCell.swift in Sources */ = {isa = PBXBuildFile; fileRef = 65B1C8322BB2492800521468 /* TreeViewCell.swift */; };
		65B1C83A2BB2492800521468 /* TreeView.swift in Sources */ = {isa = PBXBuildFile; fileRef = 65B1C8342BB2492800521468 /* TreeView.swift */; };
		65B1C83B2BB2492800521468 /* TreeViewModel.swift in Sources */ = {isa = PBXBuildFile; fileRef = 65B1C8352BB2492800521468 /* TreeViewModel.swift */; };
		65B1C83D2BB2494500521468 /* Core.framework in Frameworks */ = {isa = PBXBuildFile; fileRef = 65B1C7C92BB1DA1400521468 /* Core.framework */; };
		65B1C83E2BB2494500521468 /* Core.framework in Embed Frameworks */ = {isa = PBXBuildFile; fileRef = 65B1C7C92BB1DA1400521468 /* Core.framework */; settings = {ATTRIBUTES = (CodeSignOnCopy, RemoveHeadersOnCopy, ); }; };
		65B1C8432BB24A5000521468 /* StubbedResponses.swift in Sources */ = {isa = PBXBuildFile; fileRef = 65B1C8422BB24A5000521468 /* StubbedResponses.swift */; };
		65B1C8472BB2508D00521468 /* TreeNodeFactory.swift in Sources */ = {isa = PBXBuildFile; fileRef = 65B1C8462BB2508D00521468 /* TreeNodeFactory.swift */; };
		65B1C84D2BB2523000521468 /* TreeFlowView.swift in Sources */ = {isa = PBXBuildFile; fileRef = 65B1C8482BB2523000521468 /* TreeFlowView.swift */; };
		65B1C84E2BB2523000521468 /* TreeRoute.swift in Sources */ = {isa = PBXBuildFile; fileRef = 65B1C8492BB2523000521468 /* TreeRoute.swift */; };
		65B1C84F2BB2523000521468 /* Flow.swift in Sources */ = {isa = PBXBuildFile; fileRef = 65B1C84B2BB2523000521468 /* Flow.swift */; };
		65B1C8512BB252FF00521468 /* NavigationTests.swift in Sources */ = {isa = PBXBuildFile; fileRef = 65B1C8502BB252FF00521468 /* NavigationTests.swift */; };
		65B1C8542BB254C200521468 /* RootView.swift in Sources */ = {isa = PBXBuildFile; fileRef = 65B1C8532BB254C200521468 /* RootView.swift */; };
		65B1C8582BB25AA600521468 /* SplashScreen.swift in Sources */ = {isa = PBXBuildFile; fileRef = 65B1C8572BB25AA600521468 /* SplashScreen.swift */; };
		65B1C85A2BB25CC000521468 /* LeafNodeFactory.swift in Sources */ = {isa = PBXBuildFile; fileRef = 65B1C8592BB25CC000521468 /* LeafNodeFactory.swift */; };
		65B1C85F2BB25D1200521468 /* LeafView.swift in Sources */ = {isa = PBXBuildFile; fileRef = 65B1C85C2BB25D1200521468 /* LeafView.swift */; };
		65B1C8602BB25D1200521468 /* CardView.swift in Sources */ = {isa = PBXBuildFile; fileRef = 65B1C85D2BB25D1200521468 /* CardView.swift */; };
		65B1C8612BB25D1200521468 /* LeafViewModel.swift in Sources */ = {isa = PBXBuildFile; fileRef = 65B1C85E2BB25D1200521468 /* LeafViewModel.swift */; };
		65B1C8652BB260C000521468 /* TreeViewModelTests.swift in Sources */ = {isa = PBXBuildFile; fileRef = 65B1C8642BB260BF00521468 /* TreeViewModelTests.swift */; };
		65B1C8662BB2676C00521468 /* XCTestCase+MemoryLeakTracking.swift in Sources */ = {isa = PBXBuildFile; fileRef = 65B1C7EB2BB1E8F000521468 /* XCTestCase+MemoryLeakTracking.swift */; };
		65B1C8672BB26B1500521468 /* Helpers.swift in Sources */ = {isa = PBXBuildFile; fileRef = 65B1C80B2BB2372D00521468 /* Helpers.swift */; };
		65B1C86A2BB27F9700521468 /* LeafViewModelTests.swift in Sources */ = {isa = PBXBuildFile; fileRef = 65B1C8692BB27F9600521468 /* LeafViewModelTests.swift */; };
		65B1C86D2BB27FDB00521468 /* Helper.swift in Sources */ = {isa = PBXBuildFile; fileRef = 65B1C86C2BB27FDA00521468 /* Helper.swift */; };
		65B1C8702BB2832400521468 /* InlineSnapshotTesting in Frameworks */ = {isa = PBXBuildFile; productRef = 65B1C86F2BB2832400521468 /* InlineSnapshotTesting */; };
		65B1C8722BB2832400521468 /* SnapshotTesting in Frameworks */ = {isa = PBXBuildFile; productRef = 65B1C8712BB2832400521468 /* SnapshotTesting */; };
		65B1C8792BB2ACF100521468 /* TreeViewSnapShotTests.swift in Sources */ = {isa = PBXBuildFile; fileRef = 65B1C8782BB2ACF100521468 /* TreeViewSnapShotTests.swift */; };
		65B1C88E2BB2B83E00521468 /* LeafViewSnapShotTests.swift in Sources */ = {isa = PBXBuildFile; fileRef = 65B1C88D2BB2B83E00521468 /* LeafViewSnapShotTests.swift */; };
		65B1C89B2BB2BD2F00521468 /* test_leafViewFailureState.dark.png in Resources */ = {isa = PBXBuildFile; fileRef = 65B1C88F2BB2BD2E00521468 /* test_leafViewFailureState.dark.png */; };
		65B1C89C2BB2BD2F00521468 /* test_leafViewFailureState.light.png in Resources */ = {isa = PBXBuildFile; fileRef = 65B1C8902BB2BD2E00521468 /* test_leafViewFailureState.light.png */; };
		65B1C89D2BB2BD2F00521468 /* test_leafViewIdleState.dark.png in Resources */ = {isa = PBXBuildFile; fileRef = 65B1C8912BB2BD2E00521468 /* test_leafViewIdleState.dark.png */; };
		65B1C89E2BB2BD2F00521468 /* test_leafViewIdleState.light.png in Resources */ = {isa = PBXBuildFile; fileRef = 65B1C8922BB2BD2E00521468 /* test_leafViewIdleState.light.png */; };
		65B1C89F2BB2BD2F00521468 /* test_leafViewIsLoadingState.dark.png in Resources */ = {isa = PBXBuildFile; fileRef = 65B1C8932BB2BD2E00521468 /* test_leafViewIsLoadingState.dark.png */; };
		65B1C8A02BB2BD2F00521468 /* test_leafViewIsLoadingState.light.png in Resources */ = {isa = PBXBuildFile; fileRef = 65B1C8942BB2BD2E00521468 /* test_leafViewIsLoadingState.light.png */; };
		65B1C8A12BB2BD2F00521468 /* test_leafViewSuccessState_DifferentTheme.dark.png in Resources */ = {isa = PBXBuildFile; fileRef = 65B1C8952BB2BD2E00521468 /* test_leafViewSuccessState_DifferentTheme.dark.png */; };
		65B1C8A22BB2BD2F00521468 /* test_leafViewSuccessState_DifferentTheme.light.png in Resources */ = {isa = PBXBuildFile; fileRef = 65B1C8962BB2BD2E00521468 /* test_leafViewSuccessState_DifferentTheme.light.png */; };
		65B1C8A32BB2BD2F00521468 /* test_leafViewSuccessState.dark.png in Resources */ = {isa = PBXBuildFile; fileRef = 65B1C8972BB2BD2E00521468 /* test_leafViewSuccessState.dark.png */; };
		65B1C8A42BB2BD2F00521468 /* test_leafViewSuccessState.light.png in Resources */ = {isa = PBXBuildFile; fileRef = 65B1C8982BB2BD2E00521468 /* test_leafViewSuccessState.light.png */; };
		65B1C8B72BB2BFEB00521468 /* test_treeViewFailureState.dark.png in Resources */ = {isa = PBXBuildFile; fileRef = 65B1C8AB2BB2BFE900521468 /* test_treeViewFailureState.dark.png */; };
		65B1C8B82BB2BFEB00521468 /* test_treeViewFailureState.light.png in Resources */ = {isa = PBXBuildFile; fileRef = 65B1C8AC2BB2BFE900521468 /* test_treeViewFailureState.light.png */; };
		65B1C8B92BB2BFEB00521468 /* test_treeViewIdleState.dark.png in Resources */ = {isa = PBXBuildFile; fileRef = 65B1C8AD2BB2BFE900521468 /* test_treeViewIdleState.dark.png */; };
		65B1C8BA2BB2BFEB00521468 /* test_treeViewIdleState.light.png in Resources */ = {isa = PBXBuildFile; fileRef = 65B1C8AE2BB2BFE900521468 /* test_treeViewIdleState.light.png */; };
		65B1C8BB2BB2BFEB00521468 /* test_treeViewIsLoadingState.dark.png in Resources */ = {isa = PBXBuildFile; fileRef = 65B1C8AF2BB2BFE900521468 /* test_treeViewIsLoadingState.dark.png */; };
		65B1C8BC2BB2BFEB00521468 /* test_treeViewIsLoadingState.light.png in Resources */ = {isa = PBXBuildFile; fileRef = 65B1C8B02BB2BFE900521468 /* test_treeViewIsLoadingState.light.png */; };
		65B1C8BD2BB2BFEB00521468 /* test_TreeViewSuccessState_DifferentTheme.dark.png in Resources */ = {isa = PBXBuildFile; fileRef = 65B1C8B12BB2BFE900521468 /* test_TreeViewSuccessState_DifferentTheme.dark.png */; };
		65B1C8BE2BB2BFEB00521468 /* test_TreeViewSuccessState_DifferentTheme.light.png in Resources */ = {isa = PBXBuildFile; fileRef = 65B1C8B22BB2BFE900521468 /* test_TreeViewSuccessState_DifferentTheme.light.png */; };
		65B1C8BF2BB2BFEB00521468 /* test_treeViewSuccessState.dark.png in Resources */ = {isa = PBXBuildFile; fileRef = 65B1C8B32BB2BFE900521468 /* test_treeViewSuccessState.dark.png */; };
		65B1C8C02BB2BFEB00521468 /* test_treeViewSuccessState.light.png in Resources */ = {isa = PBXBuildFile; fileRef = 65B1C8B42BB2BFE900521468 /* test_treeViewSuccessState.light.png */; };
		65B1C8C82BB2C0E800521468 /* IMGLYUITests.swift in Sources */ = {isa = PBXBuildFile; fileRef = 65B1C8C72BB2C0E800521468 /* IMGLYUITests.swift */; };
		65B1C8D12BB2C6F000521468 /* TreeViewScreen.swift in Sources */ = {isa = PBXBuildFile; fileRef = 65B1C8D02BB2C6F000521468 /* TreeViewScreen.swift */; };
		65B1C8D52BB3176100521468 /* LeafNodeLoaderCacheDecorator.swift in Sources */ = {isa = PBXBuildFile; fileRef = 65B1C8D22BB3176000521468 /* LeafNodeLoaderCacheDecorator.swift */; };
		65B1C8D62BB3176100521468 /* LeafNodeLoaderWithFallbackComposite.swift in Sources */ = {isa = PBXBuildFile; fileRef = 65B1C8D32BB3176000521468 /* LeafNodeLoaderWithFallbackComposite.swift */; };
		65B1C8DB2BB317D800521468 /* CodableFileSystemAdapter.swift in Sources */ = {isa = PBXBuildFile; fileRef = 65B1C8D82BB317D800521468 /* CodableFileSystemAdapter.swift */; };
		65B1C8DC2BB317D800521468 /* LocalStore.swift in Sources */ = {isa = PBXBuildFile; fileRef = 65B1C8D92BB317D800521468 /* LocalStore.swift */; };
		65B1C8DE2BB3181300521468 /* LeafNodeCache.swift in Sources */ = {isa = PBXBuildFile; fileRef = 65B1C8DD2BB3181300521468 /* LeafNodeCache.swift */; };
		65B1C8E32BB3182500521468 /* LocalLeafNode.swift in Sources */ = {isa = PBXBuildFile; fileRef = 65B1C8DF2BB3182400521468 /* LocalLeafNode.swift */; };
		65B1C8E42BB3182500521468 /* LocalLeafNodeLoader.swift in Sources */ = {isa = PBXBuildFile; fileRef = 65B1C8E02BB3182400521468 /* LocalLeafNodeLoader.swift */; };
		65B1C8E52BB3182500521468 /* LocalLeafNodeMapper.swift in Sources */ = {isa = PBXBuildFile; fileRef = 65B1C8E12BB3182400521468 /* LocalLeafNodeMapper.swift */; };
/* End PBXBuildFile section */

/* Begin PBXContainerItemProxy section */
		65B1C7A42BB1D39100521468 /* PBXContainerItemProxy */ = {
			isa = PBXContainerItemProxy;
			containerPortal = 65B1C78B2BB1D38E00521468 /* Project object */;
			proxyType = 1;
			remoteGlobalIDString = 65B1C7922BB1D38E00521468;
			remoteInfo = IMGLY;
		};
		65B1C7D22BB1DA1500521468 /* PBXContainerItemProxy */ = {
			isa = PBXContainerItemProxy;
			containerPortal = 65B1C78B2BB1D38E00521468 /* Project object */;
			proxyType = 1;
			remoteGlobalIDString = 65B1C7C82BB1DA1400521468;
			remoteInfo = Core;
		};
		65B1C83F2BB2494500521468 /* PBXContainerItemProxy */ = {
			isa = PBXContainerItemProxy;
			containerPortal = 65B1C78B2BB1D38E00521468 /* Project object */;
			proxyType = 1;
			remoteGlobalIDString = 65B1C7C82BB1DA1400521468;
			remoteInfo = Core;
		};
		65B1C8732BB283A100521468 /* PBXContainerItemProxy */ = {
			isa = PBXContainerItemProxy;
			containerPortal = 65B1C78B2BB1D38E00521468 /* Project object */;
			proxyType = 1;
			remoteGlobalIDString = 65B1C7922BB1D38E00521468;
			remoteInfo = IMGLY;
		};
		65B1C8CB2BB2C0E800521468 /* PBXContainerItemProxy */ = {
			isa = PBXContainerItemProxy;
			containerPortal = 65B1C78B2BB1D38E00521468 /* Project object */;
			proxyType = 1;
			remoteGlobalIDString = 65B1C7922BB1D38E00521468;
			remoteInfo = IMGLY;
		};
/* End PBXContainerItemProxy section */

/* Begin PBXCopyFilesBuildPhase section */
		65B1C8412BB2494600521468 /* Embed Frameworks */ = {
			isa = PBXCopyFilesBuildPhase;
			buildActionMask = 2147483647;
			dstPath = "";
			dstSubfolderSpec = 10;
			files = (
				65B1C83E2BB2494500521468 /* Core.framework in Embed Frameworks */,
			);
			name = "Embed Frameworks";
			runOnlyForDeploymentPostprocessing = 0;
		};
/* End PBXCopyFilesBuildPhase section */

/* Begin PBXFileReference section */
		65B1C7932BB1D38E00521468 /* IMGLY.app */ = {isa = PBXFileReference; explicitFileType = wrapper.application; includeInIndex = 0; path = IMGLY.app; sourceTree = BUILT_PRODUCTS_DIR; };
		65B1C7962BB1D38E00521468 /* IMGLYApp.swift */ = {isa = PBXFileReference; lastKnownFileType = sourcecode.swift; path = IMGLYApp.swift; sourceTree = "<group>"; };
		65B1C79A2BB1D39000521468 /* Assets.xcassets */ = {isa = PBXFileReference; lastKnownFileType = folder.assetcatalog; path = Assets.xcassets; sourceTree = "<group>"; };
		65B1C79D2BB1D39000521468 /* Preview Assets.xcassets */ = {isa = PBXFileReference; lastKnownFileType = folder.assetcatalog; path = "Preview Assets.xcassets"; sourceTree = "<group>"; };
		65B1C7A32BB1D39100521468 /* IMGLYTests.xctest */ = {isa = PBXFileReference; explicitFileType = wrapper.cfbundle; includeInIndex = 0; path = IMGLYTests.xctest; sourceTree = BUILT_PRODUCTS_DIR; };
		65B1C7C92BB1DA1400521468 /* Core.framework */ = {isa = PBXFileReference; explicitFileType = wrapper.framework; includeInIndex = 0; path = Core.framework; sourceTree = BUILT_PRODUCTS_DIR; };
		65B1C7CB2BB1DA1500521468 /* Core.h */ = {isa = PBXFileReference; lastKnownFileType = sourcecode.c.h; path = Core.h; sourceTree = "<group>"; };
		65B1C7D02BB1DA1500521468 /* CoreTests.xctest */ = {isa = PBXFileReference; explicitFileType = wrapper.cfbundle; includeInIndex = 0; path = CoreTests.xctest; sourceTree = BUILT_PRODUCTS_DIR; };
		65B1C7DE2BB1DBB800521468 /* CI_IMGLY.xctestplan */ = {isa = PBXFileReference; lastKnownFileType = text; path = CI_IMGLY.xctestplan; sourceTree = "<group>"; };
		65B1C7E12BB1DD5F00521468 /* TreeNode.swift */ = {isa = PBXFileReference; lastKnownFileType = sourcecode.swift; path = TreeNode.swift; sourceTree = "<group>"; };
		65B1C7E32BB1DE2700521468 /* TreeNodeLoader.swift */ = {isa = PBXFileReference; lastKnownFileType = sourcecode.swift; path = TreeNodeLoader.swift; sourceTree = "<group>"; };
		65B1C7E82BB1DEF100521468 /* RemoteTreeNodeLoaderTests.swift */ = {isa = PBXFileReference; lastKnownFileType = sourcecode.swift; path = RemoteTreeNodeLoaderTests.swift; sourceTree = "<group>"; };
		65B1C7EB2BB1E8F000521468 /* XCTestCase+MemoryLeakTracking.swift */ = {isa = PBXFileReference; lastKnownFileType = sourcecode.swift; path = "XCTestCase+MemoryLeakTracking.swift"; sourceTree = "<group>"; };
		65B1C7EE2BB2300D00521468 /* RemoteTreeNodeLoader.swift */ = {isa = PBXFileReference; lastKnownFileType = sourcecode.swift; path = RemoteTreeNodeLoader.swift; sourceTree = "<group>"; };
		65B1C7F12BB2306700521468 /* HTTPClient.swift */ = {isa = PBXFileReference; lastKnownFileType = sourcecode.swift; path = HTTPClient.swift; sourceTree = "<group>"; };
		65B1C7F32BB2309F00521468 /* RemoteTreeMapper.swift */ = {isa = PBXFileReference; lastKnownFileType = sourcecode.swift; path = RemoteTreeMapper.swift; sourceTree = "<group>"; };
		65B1C7F52BB2328A00521468 /* URLSessionHttpAdapter.swift */ = {isa = PBXFileReference; lastKnownFileType = sourcecode.swift; path = URLSessionHttpAdapter.swift; sourceTree = "<group>"; };
		65B1C7F92BB2338600521468 /* LeafNodeLoader.swift */ = {isa = PBXFileReference; fileEncoding = 4; lastKnownFileType = sourcecode.swift; path = LeafNodeLoader.swift; sourceTree = "<group>"; };
		65B1C7FA2BB2338600521468 /* LeafNode.swift */ = {isa = PBXFileReference; fileEncoding = 4; lastKnownFileType = sourcecode.swift; path = LeafNode.swift; sourceTree = "<group>"; };
		65B1C7FF2BB2345800521468 /* RemoteLeafNodeMapper.swift */ = {isa = PBXFileReference; fileEncoding = 4; lastKnownFileType = sourcecode.swift; path = RemoteLeafNodeMapper.swift; sourceTree = "<group>"; };
		65B1C8002BB2345800521468 /* RemoteLeafNodeLoader.swift */ = {isa = PBXFileReference; fileEncoding = 4; lastKnownFileType = sourcecode.swift; path = RemoteLeafNodeLoader.swift; sourceTree = "<group>"; };
		65B1C8042BB234D600521468 /* TreeNodeEndPoint.swift */ = {isa = PBXFileReference; lastKnownFileType = sourcecode.swift; path = TreeNodeEndPoint.swift; sourceTree = "<group>"; };
		65B1C8062BB2353B00521468 /* LeafNodeEndPoint.swift */ = {isa = PBXFileReference; lastKnownFileType = sourcecode.swift; path = LeafNodeEndPoint.swift; sourceTree = "<group>"; };
		65B1C8082BB236A300521468 /* RemoteLeafNodeLoaderTests.swift */ = {isa = PBXFileReference; lastKnownFileType = sourcecode.swift; path = RemoteLeafNodeLoaderTests.swift; sourceTree = "<group>"; };
		65B1C80B2BB2372D00521468 /* Helpers.swift */ = {isa = PBXFileReference; lastKnownFileType = sourcecode.swift; path = Helpers.swift; sourceTree = "<group>"; };
		65B1C80F2BB243F800521468 /* HeptaSlab-Bold.ttf */ = {isa = PBXFileReference; lastKnownFileType = file; path = "HeptaSlab-Bold.ttf"; sourceTree = "<group>"; };
		65B1C8102BB243F800521468 /* PlayfairDisplay-Bold.ttf */ = {isa = PBXFileReference; lastKnownFileType = file; path = "PlayfairDisplay-Bold.ttf"; sourceTree = "<group>"; };
		65B1C8112BB243F800521468 /* Raleway-Bold.ttf */ = {isa = PBXFileReference; lastKnownFileType = file; path = "Raleway-Bold.ttf"; sourceTree = "<group>"; };
		65B1C8122BB243F800521468 /* Raleway-Regular.ttf */ = {isa = PBXFileReference; lastKnownFileType = file; path = "Raleway-Regular.ttf"; sourceTree = "<group>"; };
		65B1C8132BB243F800521468 /* SpaceGrotesk-Bold.ttf */ = {isa = PBXFileReference; lastKnownFileType = file; path = "SpaceGrotesk-Bold.ttf"; sourceTree = "<group>"; };
		65B1C8142BB243F800521468 /* SpaceGrotesk-Regular.ttf */ = {isa = PBXFileReference; lastKnownFileType = file; path = "SpaceGrotesk-Regular.ttf"; sourceTree = "<group>"; };
		65B1C81C2BB2440E00521468 /* MiscellaneousTokens.swift */ = {isa = PBXFileReference; fileEncoding = 4; lastKnownFileType = sourcecode.swift; path = MiscellaneousTokens.swift; sourceTree = "<group>"; };
		65B1C81E2BB2440E00521468 /* BaseColors.swift */ = {isa = PBXFileReference; fileEncoding = 4; lastKnownFileType = sourcecode.swift; path = BaseColors.swift; sourceTree = "<group>"; };
		65B1C81F2BB2440E00521468 /* ColorTokens.swift */ = {isa = PBXFileReference; fileEncoding = 4; lastKnownFileType = sourcecode.swift; path = ColorTokens.swift; sourceTree = "<group>"; };
		65B1C8212BB2440E00521468 /* DesignLibrary.swift */ = {isa = PBXFileReference; fileEncoding = 4; lastKnownFileType = sourcecode.swift; path = DesignLibrary.swift; sourceTree = "<group>"; };
		65B1C8222BB2440E00521468 /* CustomFont.swift */ = {isa = PBXFileReference; fileEncoding = 4; lastKnownFileType = sourcecode.swift; path = CustomFont.swift; sourceTree = "<group>"; };
		65B1C8232BB2440E00521468 /* FontTokens.swift */ = {isa = PBXFileReference; fileEncoding = 4; lastKnownFileType = sourcecode.swift; path = FontTokens.swift; sourceTree = "<group>"; };
		65B1C82B2BB2450300521468 /* Info.plist */ = {isa = PBXFileReference; lastKnownFileType = text.plist; path = Info.plist; sourceTree = "<group>"; };
		65B1C82C2BB248D600521468 /* NavBarModifier.swift */ = {isa = PBXFileReference; fileEncoding = 4; lastKnownFileType = sourcecode.swift; path = NavBarModifier.swift; sourceTree = "<group>"; };
		65B1C82D2BB248D600521468 /* RetryButton.swift */ = {isa = PBXFileReference; fileEncoding = 4; lastKnownFileType = sourcecode.swift; path = RetryButton.swift; sourceTree = "<group>"; };
		65B1C8312BB2492800521468 /* TreeCellViewModel.swift */ = {isa = PBXFileReference; fileEncoding = 4; lastKnownFileType = sourcecode.swift; path = TreeCellViewModel.swift; sourceTree = "<group>"; };
		65B1C8322BB2492800521468 /* TreeViewCell.swift */ = {isa = PBXFileReference; fileEncoding = 4; lastKnownFileType = sourcecode.swift; path = TreeViewCell.swift; sourceTree = "<group>"; };
		65B1C8342BB2492800521468 /* TreeView.swift */ = {isa = PBXFileReference; fileEncoding = 4; lastKnownFileType = sourcecode.swift; path = TreeView.swift; sourceTree = "<group>"; };
		65B1C8352BB2492800521468 /* TreeViewModel.swift */ = {isa = PBXFileReference; fileEncoding = 4; lastKnownFileType = sourcecode.swift; path = TreeViewModel.swift; sourceTree = "<group>"; };
		65B1C8422BB24A5000521468 /* StubbedResponses.swift */ = {isa = PBXFileReference; lastKnownFileType = sourcecode.swift; path = StubbedResponses.swift; sourceTree = "<group>"; };
		65B1C8462BB2508D00521468 /* TreeNodeFactory.swift */ = {isa = PBXFileReference; fileEncoding = 4; lastKnownFileType = sourcecode.swift; path = TreeNodeFactory.swift; sourceTree = "<group>"; };
		65B1C8482BB2523000521468 /* TreeFlowView.swift */ = {isa = PBXFileReference; fileEncoding = 4; lastKnownFileType = sourcecode.swift; path = TreeFlowView.swift; sourceTree = "<group>"; };
		65B1C8492BB2523000521468 /* TreeRoute.swift */ = {isa = PBXFileReference; fileEncoding = 4; lastKnownFileType = sourcecode.swift; path = TreeRoute.swift; sourceTree = "<group>"; };
		65B1C84B2BB2523000521468 /* Flow.swift */ = {isa = PBXFileReference; fileEncoding = 4; lastKnownFileType = sourcecode.swift; path = Flow.swift; sourceTree = "<group>"; };
		65B1C8502BB252FF00521468 /* NavigationTests.swift */ = {isa = PBXFileReference; lastKnownFileType = sourcecode.swift; path = NavigationTests.swift; sourceTree = "<group>"; };
		65B1C8532BB254C200521468 /* RootView.swift */ = {isa = PBXFileReference; lastKnownFileType = sourcecode.swift; path = RootView.swift; sourceTree = "<group>"; };
		65B1C8572BB25AA600521468 /* SplashScreen.swift */ = {isa = PBXFileReference; fileEncoding = 4; lastKnownFileType = sourcecode.swift; path = SplashScreen.swift; sourceTree = "<group>"; };
		65B1C8592BB25CC000521468 /* LeafNodeFactory.swift */ = {isa = PBXFileReference; lastKnownFileType = sourcecode.swift; path = LeafNodeFactory.swift; sourceTree = "<group>"; };
		65B1C85C2BB25D1200521468 /* LeafView.swift */ = {isa = PBXFileReference; fileEncoding = 4; lastKnownFileType = sourcecode.swift; path = LeafView.swift; sourceTree = "<group>"; };
		65B1C85D2BB25D1200521468 /* CardView.swift */ = {isa = PBXFileReference; fileEncoding = 4; lastKnownFileType = sourcecode.swift; path = CardView.swift; sourceTree = "<group>"; };
		65B1C85E2BB25D1200521468 /* LeafViewModel.swift */ = {isa = PBXFileReference; fileEncoding = 4; lastKnownFileType = sourcecode.swift; path = LeafViewModel.swift; sourceTree = "<group>"; };
		65B1C8642BB260BF00521468 /* TreeViewModelTests.swift */ = {isa = PBXFileReference; lastKnownFileType = sourcecode.swift; path = TreeViewModelTests.swift; sourceTree = "<group>"; };
		65B1C8692BB27F9600521468 /* LeafViewModelTests.swift */ = {isa = PBXFileReference; fileEncoding = 4; lastKnownFileType = sourcecode.swift; path = LeafViewModelTests.swift; sourceTree = "<group>"; };
		65B1C86C2BB27FDA00521468 /* Helper.swift */ = {isa = PBXFileReference; lastKnownFileType = sourcecode.swift; path = Helper.swift; sourceTree = "<group>"; };
		65B1C8782BB2ACF100521468 /* TreeViewSnapShotTests.swift */ = {isa = PBXFileReference; lastKnownFileType = sourcecode.swift; path = TreeViewSnapShotTests.swift; sourceTree = "<group>"; };
		65B1C88D2BB2B83E00521468 /* LeafViewSnapShotTests.swift */ = {isa = PBXFileReference; lastKnownFileType = sourcecode.swift; path = LeafViewSnapShotTests.swift; sourceTree = "<group>"; };
		65B1C88F2BB2BD2E00521468 /* test_leafViewFailureState.dark.png */ = {isa = PBXFileReference; lastKnownFileType = image.png; path = test_leafViewFailureState.dark.png; sourceTree = "<group>"; };
		65B1C8902BB2BD2E00521468 /* test_leafViewFailureState.light.png */ = {isa = PBXFileReference; lastKnownFileType = image.png; path = test_leafViewFailureState.light.png; sourceTree = "<group>"; };
		65B1C8912BB2BD2E00521468 /* test_leafViewIdleState.dark.png */ = {isa = PBXFileReference; lastKnownFileType = image.png; path = test_leafViewIdleState.dark.png; sourceTree = "<group>"; };
		65B1C8922BB2BD2E00521468 /* test_leafViewIdleState.light.png */ = {isa = PBXFileReference; lastKnownFileType = image.png; path = test_leafViewIdleState.light.png; sourceTree = "<group>"; };
		65B1C8932BB2BD2E00521468 /* test_leafViewIsLoadingState.dark.png */ = {isa = PBXFileReference; lastKnownFileType = image.png; path = test_leafViewIsLoadingState.dark.png; sourceTree = "<group>"; };
		65B1C8942BB2BD2E00521468 /* test_leafViewIsLoadingState.light.png */ = {isa = PBXFileReference; lastKnownFileType = image.png; path = test_leafViewIsLoadingState.light.png; sourceTree = "<group>"; };
		65B1C8952BB2BD2E00521468 /* test_leafViewSuccessState_DifferentTheme.dark.png */ = {isa = PBXFileReference; lastKnownFileType = image.png; path = test_leafViewSuccessState_DifferentTheme.dark.png; sourceTree = "<group>"; };
		65B1C8962BB2BD2E00521468 /* test_leafViewSuccessState_DifferentTheme.light.png */ = {isa = PBXFileReference; lastKnownFileType = image.png; path = test_leafViewSuccessState_DifferentTheme.light.png; sourceTree = "<group>"; };
		65B1C8972BB2BD2E00521468 /* test_leafViewSuccessState.dark.png */ = {isa = PBXFileReference; lastKnownFileType = image.png; path = test_leafViewSuccessState.dark.png; sourceTree = "<group>"; };
		65B1C8982BB2BD2E00521468 /* test_leafViewSuccessState.light.png */ = {isa = PBXFileReference; lastKnownFileType = image.png; path = test_leafViewSuccessState.light.png; sourceTree = "<group>"; };
		65B1C8AB2BB2BFE900521468 /* test_treeViewFailureState.dark.png */ = {isa = PBXFileReference; lastKnownFileType = image.png; path = test_treeViewFailureState.dark.png; sourceTree = "<group>"; };
		65B1C8AC2BB2BFE900521468 /* test_treeViewFailureState.light.png */ = {isa = PBXFileReference; lastKnownFileType = image.png; path = test_treeViewFailureState.light.png; sourceTree = "<group>"; };
		65B1C8AD2BB2BFE900521468 /* test_treeViewIdleState.dark.png */ = {isa = PBXFileReference; lastKnownFileType = image.png; path = test_treeViewIdleState.dark.png; sourceTree = "<group>"; };
		65B1C8AE2BB2BFE900521468 /* test_treeViewIdleState.light.png */ = {isa = PBXFileReference; lastKnownFileType = image.png; path = test_treeViewIdleState.light.png; sourceTree = "<group>"; };
		65B1C8AF2BB2BFE900521468 /* test_treeViewIsLoadingState.dark.png */ = {isa = PBXFileReference; lastKnownFileType = image.png; path = test_treeViewIsLoadingState.dark.png; sourceTree = "<group>"; };
		65B1C8B02BB2BFE900521468 /* test_treeViewIsLoadingState.light.png */ = {isa = PBXFileReference; lastKnownFileType = image.png; path = test_treeViewIsLoadingState.light.png; sourceTree = "<group>"; };
		65B1C8B12BB2BFE900521468 /* test_TreeViewSuccessState_DifferentTheme.dark.png */ = {isa = PBXFileReference; lastKnownFileType = image.png; path = test_TreeViewSuccessState_DifferentTheme.dark.png; sourceTree = "<group>"; };
		65B1C8B22BB2BFE900521468 /* test_TreeViewSuccessState_DifferentTheme.light.png */ = {isa = PBXFileReference; lastKnownFileType = image.png; path = test_TreeViewSuccessState_DifferentTheme.light.png; sourceTree = "<group>"; };
		65B1C8B32BB2BFE900521468 /* test_treeViewSuccessState.dark.png */ = {isa = PBXFileReference; lastKnownFileType = image.png; path = test_treeViewSuccessState.dark.png; sourceTree = "<group>"; };
		65B1C8B42BB2BFE900521468 /* test_treeViewSuccessState.light.png */ = {isa = PBXFileReference; lastKnownFileType = image.png; path = test_treeViewSuccessState.light.png; sourceTree = "<group>"; };
		65B1C8C52BB2C0E800521468 /* IMGLYUITests.xctest */ = {isa = PBXFileReference; explicitFileType = wrapper.cfbundle; includeInIndex = 0; path = IMGLYUITests.xctest; sourceTree = BUILT_PRODUCTS_DIR; };
		65B1C8C72BB2C0E800521468 /* IMGLYUITests.swift */ = {isa = PBXFileReference; lastKnownFileType = sourcecode.swift; path = IMGLYUITests.swift; sourceTree = "<group>"; };
		65B1C8D02BB2C6F000521468 /* TreeViewScreen.swift */ = {isa = PBXFileReference; lastKnownFileType = sourcecode.swift; path = TreeViewScreen.swift; sourceTree = "<group>"; };
		65B1C8D22BB3176000521468 /* LeafNodeLoaderCacheDecorator.swift */ = {isa = PBXFileReference; fileEncoding = 4; lastKnownFileType = sourcecode.swift; path = LeafNodeLoaderCacheDecorator.swift; sourceTree = "<group>"; };
		65B1C8D32BB3176000521468 /* LeafNodeLoaderWithFallbackComposite.swift */ = {isa = PBXFileReference; fileEncoding = 4; lastKnownFileType = sourcecode.swift; path = LeafNodeLoaderWithFallbackComposite.swift; sourceTree = "<group>"; };
		65B1C8D82BB317D800521468 /* CodableFileSystemAdapter.swift */ = {isa = PBXFileReference; fileEncoding = 4; lastKnownFileType = sourcecode.swift; path = CodableFileSystemAdapter.swift; sourceTree = "<group>"; };
		65B1C8D92BB317D800521468 /* LocalStore.swift */ = {isa = PBXFileReference; fileEncoding = 4; lastKnownFileType = sourcecode.swift; path = LocalStore.swift; sourceTree = "<group>"; };
		65B1C8DD2BB3181300521468 /* LeafNodeCache.swift */ = {isa = PBXFileReference; fileEncoding = 4; lastKnownFileType = sourcecode.swift; path = LeafNodeCache.swift; sourceTree = "<group>"; };
		65B1C8DF2BB3182400521468 /* LocalLeafNode.swift */ = {isa = PBXFileReference; fileEncoding = 4; lastKnownFileType = sourcecode.swift; path = LocalLeafNode.swift; sourceTree = "<group>"; };
		65B1C8E02BB3182400521468 /* LocalLeafNodeLoader.swift */ = {isa = PBXFileReference; fileEncoding = 4; lastKnownFileType = sourcecode.swift; path = LocalLeafNodeLoader.swift; sourceTree = "<group>"; };
		65B1C8E12BB3182400521468 /* LocalLeafNodeMapper.swift */ = {isa = PBXFileReference; fileEncoding = 4; lastKnownFileType = sourcecode.swift; path = LocalLeafNodeMapper.swift; sourceTree = "<group>"; };
/* End PBXFileReference section */

/* Begin PBXFrameworksBuildPhase section */
		65B1C7902BB1D38E00521468 /* Frameworks */ = {
			isa = PBXFrameworksBuildPhase;
			buildActionMask = 2147483647;
			files = (
				65B1C83D2BB2494500521468 /* Core.framework in Frameworks */,
			);
			runOnlyForDeploymentPostprocessing = 0;
		};
		65B1C7A02BB1D39100521468 /* Frameworks */ = {
			isa = PBXFrameworksBuildPhase;
			buildActionMask = 2147483647;
			files = (
				65B1C8702BB2832400521468 /* InlineSnapshotTesting in Frameworks */,
				65B1C8722BB2832400521468 /* SnapshotTesting in Frameworks */,
			);
			runOnlyForDeploymentPostprocessing = 0;
		};
		65B1C7C62BB1DA1400521468 /* Frameworks */ = {
			isa = PBXFrameworksBuildPhase;
			buildActionMask = 2147483647;
			files = (
			);
			runOnlyForDeploymentPostprocessing = 0;
		};
		65B1C7CD2BB1DA1500521468 /* Frameworks */ = {
			isa = PBXFrameworksBuildPhase;
			buildActionMask = 2147483647;
			files = (
				65B1C7D12BB1DA1500521468 /* Core.framework in Frameworks */,
			);
			runOnlyForDeploymentPostprocessing = 0;
		};
		65B1C8C22BB2C0E800521468 /* Frameworks */ = {
			isa = PBXFrameworksBuildPhase;
			buildActionMask = 2147483647;
			files = (
			);
			runOnlyForDeploymentPostprocessing = 0;
		};
/* End PBXFrameworksBuildPhase section */

/* Begin PBXGroup section */
		65B1C78A2BB1D38E00521468 = {
			isa = PBXGroup;
			children = (
				65B1C7DE2BB1DBB800521468 /* CI_IMGLY.xctestplan */,
				65B1C7CA2BB1DA1500521468 /* Core */,
				65B1C7952BB1D38E00521468 /* IMGLY */,
				65B1C7A62BB1D39100521468 /* IMGLYTests */,
				65B1C7D42BB1DA1500521468 /* CoreTests */,
				65B1C8C62BB2C0E800521468 /* IMGLYUITests */,
				65B1C7942BB1D38E00521468 /* Products */,
				65B1C83C2BB2494500521468 /* Frameworks */,
			);
			sourceTree = "<group>";
		};
		65B1C7942BB1D38E00521468 /* Products */ = {
			isa = PBXGroup;
			children = (
				65B1C7932BB1D38E00521468 /* IMGLY.app */,
				65B1C7A32BB1D39100521468 /* IMGLYTests.xctest */,
				65B1C7C92BB1DA1400521468 /* Core.framework */,
				65B1C7D02BB1DA1500521468 /* CoreTests.xctest */,
				65B1C8C52BB2C0E800521468 /* IMGLYUITests.xctest */,
			);
			name = Products;
			sourceTree = "<group>";
		};
		65B1C7952BB1D38E00521468 /* IMGLY */ = {
			isa = PBXGroup;
			children = (
				65B1C82B2BB2450300521468 /* Info.plist */,
				65B1C8442BB24FAF00521468 /* Main */,
				65B1C80E2BB2434B00521468 /* DesignSystem */,
				65B1C80D2BB242DC00521468 /* UI Module */,
				65B1C7962BB1D38E00521468 /* IMGLYApp.swift */,
				65B1C8532BB254C200521468 /* RootView.swift */,
				65B1C79A2BB1D39000521468 /* Assets.xcassets */,
				65B1C79C2BB1D39000521468 /* Preview Content */,
			);
			path = IMGLY;
			sourceTree = "<group>";
		};
		65B1C79C2BB1D39000521468 /* Preview Content */ = {
			isa = PBXGroup;
			children = (
				65B1C79D2BB1D39000521468 /* Preview Assets.xcassets */,
			);
			path = "Preview Content";
			sourceTree = "<group>";
		};
		65B1C7A62BB1D39100521468 /* IMGLYTests */ = {
			isa = PBXGroup;
			children = (
				65B1C86B2BB27FCC00521468 /* Helper */,
				65B1C8622BB2609000521468 /* UI Module */,
				65B1C8522BB2547600521468 /* Main */,
			);
			path = IMGLYTests;
			sourceTree = "<group>";
		};
		65B1C7CA2BB1DA1500521468 /* Core */ = {
			isa = PBXGroup;
			children = (
				65B1C7F82BB2334D00521468 /* Leaf */,
				65B1C7F02BB2304700521468 /* Infra */,
				65B1C7E62BB1DE9000521468 /* Tree */,
				65B1C7CB2BB1DA1500521468 /* Core.h */,
				65B1C8422BB24A5000521468 /* StubbedResponses.swift */,
			);
			path = Core;
			sourceTree = "<group>";
		};
		65B1C7D42BB1DA1500521468 /* CoreTests */ = {
			isa = PBXGroup;
			children = (
				65B1C8032BB2345F00521468 /* Leaf */,
				65B1C7EA2BB1E8D700521468 /* Helpers */,
				65B1C7F72BB232D400521468 /* Tree */,
			);
			path = CoreTests;
			sourceTree = "<group>";
		};
		65B1C7DF2BB1DCF700521468 /* Domain */ = {
			isa = PBXGroup;
			children = (
				65B1C7E02BB1DD3600521468 /* Tree */,
			);
			path = Domain;
			sourceTree = "<group>";
		};
		65B1C7E02BB1DD3600521468 /* Tree */ = {
			isa = PBXGroup;
			children = (
				65B1C7E12BB1DD5F00521468 /* TreeNode.swift */,
				65B1C7E32BB1DE2700521468 /* TreeNodeLoader.swift */,
			);
			path = Tree;
			sourceTree = "<group>";
		};
		65B1C7E62BB1DE9000521468 /* Tree */ = {
			isa = PBXGroup;
			children = (
				65B1C7ED2BB22FDC00521468 /* Api */,
				65B1C7DF2BB1DCF700521468 /* Domain */,
			);
			path = Tree;
			sourceTree = "<group>";
		};
		65B1C7E72BB1DED100521468 /* Api */ = {
			isa = PBXGroup;
			children = (
				65B1C7E82BB1DEF100521468 /* RemoteTreeNodeLoaderTests.swift */,
			);
			path = Api;
			sourceTree = "<group>";
		};
		65B1C7EA2BB1E8D700521468 /* Helpers */ = {
			isa = PBXGroup;
			children = (
				65B1C7EB2BB1E8F000521468 /* XCTestCase+MemoryLeakTracking.swift */,
				65B1C80B2BB2372D00521468 /* Helpers.swift */,
			);
			path = Helpers;
			sourceTree = "<group>";
		};
		65B1C7ED2BB22FDC00521468 /* Api */ = {
			isa = PBXGroup;
			children = (
				65B1C7EE2BB2300D00521468 /* RemoteTreeNodeLoader.swift */,
				65B1C7F32BB2309F00521468 /* RemoteTreeMapper.swift */,
				65B1C8042BB234D600521468 /* TreeNodeEndPoint.swift */,
			);
			path = Api;
			sourceTree = "<group>";
		};
		65B1C7F02BB2304700521468 /* Infra */ = {
			isa = PBXGroup;
			children = (
				65B1C8DA2BB317D800521468 /* Persistence */,
				65B1C8D72BB317B800521468 /* Api */,
			);
			path = Infra;
			sourceTree = "<group>";
		};
		65B1C7F72BB232D400521468 /* Tree */ = {
			isa = PBXGroup;
			children = (
				65B1C7E72BB1DED100521468 /* Api */,
			);
			path = Tree;
			sourceTree = "<group>";
		};
		65B1C7F82BB2334D00521468 /* Leaf */ = {
			isa = PBXGroup;
			children = (
				65B1C8E22BB3182400521468 /* Cache */,
				65B1C7FE2BB2341100521468 /* Api */,
				65B1C7FD2BB233E800521468 /* Domain */,
			);
			path = Leaf;
			sourceTree = "<group>";
		};
		65B1C7FD2BB233E800521468 /* Domain */ = {
			isa = PBXGroup;
			children = (
				65B1C7FA2BB2338600521468 /* LeafNode.swift */,
				65B1C8DD2BB3181300521468 /* LeafNodeCache.swift */,
				65B1C7F92BB2338600521468 /* LeafNodeLoader.swift */,
			);
			path = Domain;
			sourceTree = "<group>";
		};
		65B1C7FE2BB2341100521468 /* Api */ = {
			isa = PBXGroup;
			children = (
				65B1C8002BB2345800521468 /* RemoteLeafNodeLoader.swift */,
				65B1C7FF2BB2345800521468 /* RemoteLeafNodeMapper.swift */,
				65B1C8062BB2353B00521468 /* LeafNodeEndPoint.swift */,
			);
			path = Api;
			sourceTree = "<group>";
		};
		65B1C8032BB2345F00521468 /* Leaf */ = {
			isa = PBXGroup;
			children = (
				65B1C80A2BB236DE00521468 /* Api */,
				65B1C8082BB236A300521468 /* RemoteLeafNodeLoaderTests.swift */,
			);
			path = Leaf;
			sourceTree = "<group>";
		};
		65B1C80A2BB236DE00521468 /* Api */ = {
			isa = PBXGroup;
			children = (
			);
			path = Api;
			sourceTree = "<group>";
		};
		65B1C80D2BB242DC00521468 /* UI Module */ = {
			isa = PBXGroup;
			children = (
				65B1C85B2BB25CE700521468 /* Leaf */,
				65B1C8562BB25A9200521468 /* Splash */,
				65B1C8372BB2492800521468 /* Tree */,
				65B1C82E2BB248D600521468 /* Component */,
			);
			path = "UI Module";
			sourceTree = "<group>";
		};
		65B1C80E2BB2434B00521468 /* DesignSystem */ = {
			isa = PBXGroup;
			children = (
				65B1C8152BB243F800521468 /* Font */,
				65B1C8202BB2440E00521468 /* Colors */,
				65B1C8212BB2440E00521468 /* DesignLibrary.swift */,
				65B1C8242BB2440E00521468 /* Font */,
				65B1C81D2BB2440E00521468 /* Miscellaneous */,
			);
			path = DesignSystem;
			sourceTree = "<group>";
		};
		65B1C8152BB243F800521468 /* Font */ = {
			isa = PBXGroup;
			children = (
				65B1C80F2BB243F800521468 /* HeptaSlab-Bold.ttf */,
				65B1C8102BB243F800521468 /* PlayfairDisplay-Bold.ttf */,
				65B1C8112BB243F800521468 /* Raleway-Bold.ttf */,
				65B1C8122BB243F800521468 /* Raleway-Regular.ttf */,
				65B1C8132BB243F800521468 /* SpaceGrotesk-Bold.ttf */,
				65B1C8142BB243F800521468 /* SpaceGrotesk-Regular.ttf */,
			);
			name = Font;
			path = ../Font;
			sourceTree = "<group>";
		};
		65B1C81D2BB2440E00521468 /* Miscellaneous */ = {
			isa = PBXGroup;
			children = (
				65B1C81C2BB2440E00521468 /* MiscellaneousTokens.swift */,
			);
			path = Miscellaneous;
			sourceTree = "<group>";
		};
		65B1C8202BB2440E00521468 /* Colors */ = {
			isa = PBXGroup;
			children = (
				65B1C81E2BB2440E00521468 /* BaseColors.swift */,
				65B1C81F2BB2440E00521468 /* ColorTokens.swift */,
			);
			path = Colors;
			sourceTree = "<group>";
		};
		65B1C8242BB2440E00521468 /* Font */ = {
			isa = PBXGroup;
			children = (
				65B1C8222BB2440E00521468 /* CustomFont.swift */,
				65B1C8232BB2440E00521468 /* FontTokens.swift */,
			);
			path = Font;
			sourceTree = "<group>";
		};
		65B1C82E2BB248D600521468 /* Component */ = {
			isa = PBXGroup;
			children = (
				65B1C82C2BB248D600521468 /* NavBarModifier.swift */,
				65B1C82D2BB248D600521468 /* RetryButton.swift */,
			);
			path = Component;
			sourceTree = "<group>";
		};
		65B1C8332BB2492800521468 /* Cell */ = {
			isa = PBXGroup;
			children = (
				65B1C8312BB2492800521468 /* TreeCellViewModel.swift */,
				65B1C8322BB2492800521468 /* TreeViewCell.swift */,
			);
			path = Cell;
			sourceTree = "<group>";
		};
		65B1C8362BB2492800521468 /* MainView */ = {
			isa = PBXGroup;
			children = (
				65B1C8342BB2492800521468 /* TreeView.swift */,
				65B1C8352BB2492800521468 /* TreeViewModel.swift */,
			);
			path = MainView;
			sourceTree = "<group>";
		};
		65B1C8372BB2492800521468 /* Tree */ = {
			isa = PBXGroup;
			children = (
				65B1C8332BB2492800521468 /* Cell */,
				65B1C8362BB2492800521468 /* MainView */,
			);
			path = Tree;
			sourceTree = "<group>";
		};
		65B1C83C2BB2494500521468 /* Frameworks */ = {
			isa = PBXGroup;
			children = (
			);
			name = Frameworks;
			sourceTree = "<group>";
		};
		65B1C8442BB24FAF00521468 /* Main */ = {
			isa = PBXGroup;
			children = (
				65B1C8D42BB3176000521468 /* CompositionHelpers */,
				65B1C84C2BB2523000521468 /* Navigation */,
				65B1C8452BB2507F00521468 /* Factory */,
			);
			path = Main;
			sourceTree = "<group>";
		};
		65B1C8452BB2507F00521468 /* Factory */ = {
			isa = PBXGroup;
			children = (
				65B1C8462BB2508D00521468 /* TreeNodeFactory.swift */,
				65B1C8592BB25CC000521468 /* LeafNodeFactory.swift */,
			);
			path = Factory;
			sourceTree = "<group>";
		};
		65B1C84A2BB2523000521468 /* Tree */ = {
			isa = PBXGroup;
			children = (
				65B1C8482BB2523000521468 /* TreeFlowView.swift */,
				65B1C8492BB2523000521468 /* TreeRoute.swift */,
			);
			path = Tree;
			sourceTree = "<group>";
		};
		65B1C84C2BB2523000521468 /* Navigation */ = {
			isa = PBXGroup;
			children = (
				65B1C84A2BB2523000521468 /* Tree */,
				65B1C84B2BB2523000521468 /* Flow.swift */,
			);
			path = Navigation;
			sourceTree = "<group>";
		};
		65B1C8522BB2547600521468 /* Main */ = {
			isa = PBXGroup;
			children = (
				65B1C8502BB252FF00521468 /* NavigationTests.swift */,
			);
			path = Main;
			sourceTree = "<group>";
		};
		65B1C8562BB25A9200521468 /* Splash */ = {
			isa = PBXGroup;
			children = (
				65B1C8572BB25AA600521468 /* SplashScreen.swift */,
			);
			path = Splash;
			sourceTree = "<group>";
		};
		65B1C85B2BB25CE700521468 /* Leaf */ = {
			isa = PBXGroup;
			children = (
				65B1C85D2BB25D1200521468 /* CardView.swift */,
				65B1C85C2BB25D1200521468 /* LeafView.swift */,
				65B1C85E2BB25D1200521468 /* LeafViewModel.swift */,
			);
			path = Leaf;
			sourceTree = "<group>";
		};
		65B1C8622BB2609000521468 /* UI Module */ = {
			isa = PBXGroup;
			children = (
				65B1C8762BB284EF00521468 /* UI */,
				65B1C8752BB284D200521468 /* Pesentation */,
			);
			path = "UI Module";
			sourceTree = "<group>";
		};
		65B1C8632BB2609800521468 /* Tree */ = {
			isa = PBXGroup;
			children = (
				65B1C8642BB260BF00521468 /* TreeViewModelTests.swift */,
				65B1C8692BB27F9600521468 /* LeafViewModelTests.swift */,
			);
			path = Tree;
			sourceTree = "<group>";
		};
		65B1C8682BB27F8800521468 /* Leaf */ = {
			isa = PBXGroup;
			children = (
			);
			path = Leaf;
			sourceTree = "<group>";
		};
		65B1C86B2BB27FCC00521468 /* Helper */ = {
			isa = PBXGroup;
			children = (
				65B1C86C2BB27FDA00521468 /* Helper.swift */,
			);
			path = Helper;
			sourceTree = "<group>";
		};
		65B1C8752BB284D200521468 /* Pesentation */ = {
			isa = PBXGroup;
			children = (
				65B1C8682BB27F8800521468 /* Leaf */,
				65B1C8632BB2609800521468 /* Tree */,
			);
			path = Pesentation;
			sourceTree = "<group>";
		};
		65B1C8762BB284EF00521468 /* UI */ = {
			isa = PBXGroup;
			children = (
				65B1C88C2BB2B80F00521468 /* Leaf */,
				65B1C8772BB2ACCF00521468 /* Tree */,
			);
			path = UI;
			sourceTree = "<group>";
		};
		65B1C8772BB2ACCF00521468 /* Tree */ = {
			isa = PBXGroup;
			children = (
				65B1C8B62BB2BFE900521468 /* __Snapshots__ */,
				65B1C8782BB2ACF100521468 /* TreeViewSnapShotTests.swift */,
			);
			path = Tree;
			sourceTree = "<group>";
		};
		65B1C88C2BB2B80F00521468 /* Leaf */ = {
			isa = PBXGroup;
			children = (
				65B1C89A2BB2BD2E00521468 /* __Snapshots__ */,
				65B1C88D2BB2B83E00521468 /* LeafViewSnapShotTests.swift */,
			);
			path = Leaf;
			sourceTree = "<group>";
		};
		65B1C8992BB2BD2E00521468 /* LeafViewSnapShotTests */ = {
			isa = PBXGroup;
			children = (
				65B1C88F2BB2BD2E00521468 /* test_leafViewFailureState.dark.png */,
				65B1C8902BB2BD2E00521468 /* test_leafViewFailureState.light.png */,
				65B1C8912BB2BD2E00521468 /* test_leafViewIdleState.dark.png */,
				65B1C8922BB2BD2E00521468 /* test_leafViewIdleState.light.png */,
				65B1C8932BB2BD2E00521468 /* test_leafViewIsLoadingState.dark.png */,
				65B1C8942BB2BD2E00521468 /* test_leafViewIsLoadingState.light.png */,
				65B1C8952BB2BD2E00521468 /* test_leafViewSuccessState_DifferentTheme.dark.png */,
				65B1C8962BB2BD2E00521468 /* test_leafViewSuccessState_DifferentTheme.light.png */,
				65B1C8972BB2BD2E00521468 /* test_leafViewSuccessState.dark.png */,
				65B1C8982BB2BD2E00521468 /* test_leafViewSuccessState.light.png */,
			);
			path = LeafViewSnapShotTests;
			sourceTree = "<group>";
		};
		65B1C89A2BB2BD2E00521468 /* __Snapshots__ */ = {
			isa = PBXGroup;
			children = (
				65B1C8992BB2BD2E00521468 /* LeafViewSnapShotTests */,
			);
			path = __Snapshots__;
			sourceTree = "<group>";
		};
		65B1C8B52BB2BFE900521468 /* TreeViewSnapShotTests */ = {
			isa = PBXGroup;
			children = (
				65B1C8AB2BB2BFE900521468 /* test_treeViewFailureState.dark.png */,
				65B1C8AC2BB2BFE900521468 /* test_treeViewFailureState.light.png */,
				65B1C8AD2BB2BFE900521468 /* test_treeViewIdleState.dark.png */,
				65B1C8AE2BB2BFE900521468 /* test_treeViewIdleState.light.png */,
				65B1C8AF2BB2BFE900521468 /* test_treeViewIsLoadingState.dark.png */,
				65B1C8B02BB2BFE900521468 /* test_treeViewIsLoadingState.light.png */,
				65B1C8B12BB2BFE900521468 /* test_TreeViewSuccessState_DifferentTheme.dark.png */,
				65B1C8B22BB2BFE900521468 /* test_TreeViewSuccessState_DifferentTheme.light.png */,
				65B1C8B32BB2BFE900521468 /* test_treeViewSuccessState.dark.png */,
				65B1C8B42BB2BFE900521468 /* test_treeViewSuccessState.light.png */,
			);
			path = TreeViewSnapShotTests;
			sourceTree = "<group>";
		};
		65B1C8B62BB2BFE900521468 /* __Snapshots__ */ = {
			isa = PBXGroup;
			children = (
				65B1C8B52BB2BFE900521468 /* TreeViewSnapShotTests */,
			);
			path = __Snapshots__;
			sourceTree = "<group>";
		};
		65B1C8C62BB2C0E800521468 /* IMGLYUITests */ = {
			isa = PBXGroup;
			children = (
				65B1C8C72BB2C0E800521468 /* IMGLYUITests.swift */,
				65B1C8D02BB2C6F000521468 /* TreeViewScreen.swift */,
			);
			path = IMGLYUITests;
			sourceTree = "<group>";
		};
		65B1C8D42BB3176000521468 /* CompositionHelpers */ = {
			isa = PBXGroup;
			children = (
				65B1C8D22BB3176000521468 /* LeafNodeLoaderCacheDecorator.swift */,
				65B1C8D32BB3176000521468 /* LeafNodeLoaderWithFallbackComposite.swift */,
			);
			path = CompositionHelpers;
			sourceTree = "<group>";
		};
		65B1C8D72BB317B800521468 /* Api */ = {
			isa = PBXGroup;
			children = (
				65B1C7F12BB2306700521468 /* HTTPClient.swift */,
				65B1C7F52BB2328A00521468 /* URLSessionHttpAdapter.swift */,
			);
			path = Api;
			sourceTree = "<group>";
		};
		65B1C8DA2BB317D800521468 /* Persistence */ = {
			isa = PBXGroup;
			children = (
				65B1C8D82BB317D800521468 /* CodableFileSystemAdapter.swift */,
				65B1C8D92BB317D800521468 /* LocalStore.swift */,
			);
			path = Persistence;
			sourceTree = "<group>";
		};
		65B1C8E22BB3182400521468 /* Cache */ = {
			isa = PBXGroup;
			children = (
				65B1C8DF2BB3182400521468 /* LocalLeafNode.swift */,
				65B1C8E02BB3182400521468 /* LocalLeafNodeLoader.swift */,
				65B1C8E12BB3182400521468 /* LocalLeafNodeMapper.swift */,
			);
			path = Cache;
			sourceTree = "<group>";
		};
/* End PBXGroup section */

/* Begin PBXHeadersBuildPhase section */
		65B1C7C42BB1DA1400521468 /* Headers */ = {
			isa = PBXHeadersBuildPhase;
			buildActionMask = 2147483647;
			files = (
				65B1C7D72BB1DA1500521468 /* Core.h in Headers */,
			);
			runOnlyForDeploymentPostprocessing = 0;
		};
/* End PBXHeadersBuildPhase section */

/* Begin PBXNativeTarget section */
		65B1C7922BB1D38E00521468 /* IMGLY */ = {
			isa = PBXNativeTarget;
			buildConfigurationList = 65B1C7B72BB1D39100521468 /* Build configuration list for PBXNativeTarget "IMGLY" */;
			buildPhases = (
				65B1C78F2BB1D38E00521468 /* Sources */,
				65B1C7902BB1D38E00521468 /* Frameworks */,
				65B1C7912BB1D38E00521468 /* Resources */,
				65B1C8412BB2494600521468 /* Embed Frameworks */,
			);
			buildRules = (
			);
			dependencies = (
				65B1C8402BB2494500521468 /* PBXTargetDependency */,
			);
			name = IMGLY;
			productName = IMGLY;
			productReference = 65B1C7932BB1D38E00521468 /* IMGLY.app */;
			productType = "com.apple.product-type.application";
		};
		65B1C7A22BB1D39100521468 /* IMGLYTests */ = {
			isa = PBXNativeTarget;
			buildConfigurationList = 65B1C7BA2BB1D39100521468 /* Build configuration list for PBXNativeTarget "IMGLYTests" */;
			buildPhases = (
				65B1C79F2BB1D39100521468 /* Sources */,
				65B1C7A02BB1D39100521468 /* Frameworks */,
				65B1C7A12BB1D39100521468 /* Resources */,
			);
			buildRules = (
			);
			dependencies = (
				65B1C7A52BB1D39100521468 /* PBXTargetDependency */,
			);
			name = IMGLYTests;
			packageProductDependencies = (
				65B1C86F2BB2832400521468 /* InlineSnapshotTesting */,
				65B1C8712BB2832400521468 /* SnapshotTesting */,
			);
			productName = IMGLYTests;
			productReference = 65B1C7A32BB1D39100521468 /* IMGLYTests.xctest */;
			productType = "com.apple.product-type.bundle.unit-test";
		};
		65B1C7C82BB1DA1400521468 /* Core */ = {
			isa = PBXNativeTarget;
			buildConfigurationList = 65B1C7DC2BB1DA1500521468 /* Build configuration list for PBXNativeTarget "Core" */;
			buildPhases = (
				65B1C7C42BB1DA1400521468 /* Headers */,
				65B1C7C52BB1DA1400521468 /* Sources */,
				65B1C7C62BB1DA1400521468 /* Frameworks */,
				65B1C7C72BB1DA1400521468 /* Resources */,
			);
			buildRules = (
			);
			dependencies = (
			);
			name = Core;
			productName = Core;
			productReference = 65B1C7C92BB1DA1400521468 /* Core.framework */;
			productType = "com.apple.product-type.framework";
		};
		65B1C7CF2BB1DA1500521468 /* CoreTests */ = {
			isa = PBXNativeTarget;
			buildConfigurationList = 65B1C7DD2BB1DA1500521468 /* Build configuration list for PBXNativeTarget "CoreTests" */;
			buildPhases = (
				65B1C7CC2BB1DA1500521468 /* Sources */,
				65B1C7CD2BB1DA1500521468 /* Frameworks */,
				65B1C7CE2BB1DA1500521468 /* Resources */,
			);
			buildRules = (
			);
			dependencies = (
				65B1C7D32BB1DA1500521468 /* PBXTargetDependency */,
				65B1C8742BB283A100521468 /* PBXTargetDependency */,
			);
			name = CoreTests;
			productName = CoreTests;
			productReference = 65B1C7D02BB1DA1500521468 /* CoreTests.xctest */;
			productType = "com.apple.product-type.bundle.unit-test";
		};
		65B1C8C42BB2C0E800521468 /* IMGLYUITests */ = {
			isa = PBXNativeTarget;
			buildConfigurationList = 65B1C8CD2BB2C0E800521468 /* Build configuration list for PBXNativeTarget "IMGLYUITests" */;
			buildPhases = (
				65B1C8C12BB2C0E800521468 /* Sources */,
				65B1C8C22BB2C0E800521468 /* Frameworks */,
				65B1C8C32BB2C0E800521468 /* Resources */,
			);
			buildRules = (
			);
			dependencies = (
				65B1C8CC2BB2C0E800521468 /* PBXTargetDependency */,
			);
			name = IMGLYUITests;
			productName = IMGLYUITests;
			productReference = 65B1C8C52BB2C0E800521468 /* IMGLYUITests.xctest */;
			productType = "com.apple.product-type.bundle.ui-testing";
		};
/* End PBXNativeTarget section */

/* Begin PBXProject section */
		65B1C78B2BB1D38E00521468 /* Project object */ = {
			isa = PBXProject;
			attributes = {
				BuildIndependentTargetsInParallel = 1;
				LastSwiftUpdateCheck = 1530;
				LastUpgradeCheck = 1530;
				TargetAttributes = {
					65B1C7922BB1D38E00521468 = {
						CreatedOnToolsVersion = 15.3;
					};
					65B1C7A22BB1D39100521468 = {
						CreatedOnToolsVersion = 15.3;
						TestTargetID = 65B1C7922BB1D38E00521468;
					};
					65B1C7C82BB1DA1400521468 = {
						CreatedOnToolsVersion = 15.3;
						LastSwiftMigration = 1530;
					};
					65B1C7CF2BB1DA1500521468 = {
						CreatedOnToolsVersion = 15.3;
						TestTargetID = 65B1C7922BB1D38E00521468;
					};
					65B1C8C42BB2C0E800521468 = {
						CreatedOnToolsVersion = 15.3;
						TestTargetID = 65B1C7922BB1D38E00521468;
					};
				};
			};
			buildConfigurationList = 65B1C78E2BB1D38E00521468 /* Build configuration list for PBXProject "IMGLY" */;
			compatibilityVersion = "Xcode 14.0";
			developmentRegion = en;
			hasScannedForEncodings = 0;
			knownRegions = (
				en,
				Base,
			);
			mainGroup = 65B1C78A2BB1D38E00521468;
			packageReferences = (
				65B1C86E2BB2832400521468 /* XCRemoteSwiftPackageReference "swift-snapshot-testing" */,
			);
			productRefGroup = 65B1C7942BB1D38E00521468 /* Products */;
			projectDirPath = "";
			projectRoot = "";
			targets = (
				65B1C7922BB1D38E00521468 /* IMGLY */,
				65B1C7A22BB1D39100521468 /* IMGLYTests */,
				65B1C7C82BB1DA1400521468 /* Core */,
				65B1C7CF2BB1DA1500521468 /* CoreTests */,
				65B1C8C42BB2C0E800521468 /* IMGLYUITests */,
			);
		};
/* End PBXProject section */

/* Begin PBXResourcesBuildPhase section */
		65B1C7912BB1D38E00521468 /* Resources */ = {
			isa = PBXResourcesBuildPhase;
			buildActionMask = 2147483647;
			files = (
				65B1C8172BB243F800521468 /* PlayfairDisplay-Bold.ttf in Resources */,
				65B1C8192BB243F800521468 /* Raleway-Regular.ttf in Resources */,
				65B1C79E2BB1D39000521468 /* Preview Assets.xcassets in Resources */,
				65B1C8162BB243F800521468 /* HeptaSlab-Bold.ttf in Resources */,
				65B1C8182BB243F800521468 /* Raleway-Bold.ttf in Resources */,
				65B1C79B2BB1D39000521468 /* Assets.xcassets in Resources */,
				65B1C81B2BB243F800521468 /* SpaceGrotesk-Regular.ttf in Resources */,
				65B1C81A2BB243F800521468 /* SpaceGrotesk-Bold.ttf in Resources */,
			);
			runOnlyForDeploymentPostprocessing = 0;
		};
		65B1C7A12BB1D39100521468 /* Resources */ = {
			isa = PBXResourcesBuildPhase;
			buildActionMask = 2147483647;
			files = (
				65B1C8BD2BB2BFEB00521468 /* test_TreeViewSuccessState_DifferentTheme.dark.png in Resources */,
				65B1C8A22BB2BD2F00521468 /* test_leafViewSuccessState_DifferentTheme.light.png in Resources */,
				65B1C89D2BB2BD2F00521468 /* test_leafViewIdleState.dark.png in Resources */,
				65B1C8A12BB2BD2F00521468 /* test_leafViewSuccessState_DifferentTheme.dark.png in Resources */,
				65B1C8BC2BB2BFEB00521468 /* test_treeViewIsLoadingState.light.png in Resources */,
				65B1C8A32BB2BD2F00521468 /* test_leafViewSuccessState.dark.png in Resources */,
				65B1C8BA2BB2BFEB00521468 /* test_treeViewIdleState.light.png in Resources */,
				65B1C89F2BB2BD2F00521468 /* test_leafViewIsLoadingState.dark.png in Resources */,
				65B1C8C02BB2BFEB00521468 /* test_treeViewSuccessState.light.png in Resources */,
				65B1C8BF2BB2BFEB00521468 /* test_treeViewSuccessState.dark.png in Resources */,
				65B1C8B72BB2BFEB00521468 /* test_treeViewFailureState.dark.png in Resources */,
				65B1C8A42BB2BD2F00521468 /* test_leafViewSuccessState.light.png in Resources */,
				65B1C8A02BB2BD2F00521468 /* test_leafViewIsLoadingState.light.png in Resources */,
				65B1C8BB2BB2BFEB00521468 /* test_treeViewIsLoadingState.dark.png in Resources */,
				65B1C8BE2BB2BFEB00521468 /* test_TreeViewSuccessState_DifferentTheme.light.png in Resources */,
				65B1C89E2BB2BD2F00521468 /* test_leafViewIdleState.light.png in Resources */,
				65B1C8B92BB2BFEB00521468 /* test_treeViewIdleState.dark.png in Resources */,
				65B1C89B2BB2BD2F00521468 /* test_leafViewFailureState.dark.png in Resources */,
				65B1C89C2BB2BD2F00521468 /* test_leafViewFailureState.light.png in Resources */,
				65B1C8B82BB2BFEB00521468 /* test_treeViewFailureState.light.png in Resources */,
			);
			runOnlyForDeploymentPostprocessing = 0;
		};
		65B1C7C72BB1DA1400521468 /* Resources */ = {
			isa = PBXResourcesBuildPhase;
			buildActionMask = 2147483647;
			files = (
			);
			runOnlyForDeploymentPostprocessing = 0;
		};
		65B1C7CE2BB1DA1500521468 /* Resources */ = {
			isa = PBXResourcesBuildPhase;
			buildActionMask = 2147483647;
			files = (
			);
			runOnlyForDeploymentPostprocessing = 0;
		};
		65B1C8C32BB2C0E800521468 /* Resources */ = {
			isa = PBXResourcesBuildPhase;
			buildActionMask = 2147483647;
			files = (
			);
			runOnlyForDeploymentPostprocessing = 0;
		};
/* End PBXResourcesBuildPhase section */

/* Begin PBXSourcesBuildPhase section */
		65B1C78F2BB1D38E00521468 /* Sources */ = {
			isa = PBXSourcesBuildPhase;
			buildActionMask = 2147483647;
			files = (
				65B1C84D2BB2523000521468 /* TreeFlowView.swift in Sources */,
				65B1C84E2BB2523000521468 /* TreeRoute.swift in Sources */,
				65B1C8392BB2492800521468 /* TreeViewCell.swift in Sources */,
				65B1C85F2BB25D1200521468 /* LeafView.swift in Sources */,
				65B1C8292BB2440E00521468 /* CustomFont.swift in Sources */,
				65B1C8D52BB3176100521468 /* LeafNodeLoaderCacheDecorator.swift in Sources */,
				65B1C8262BB2440E00521468 /* BaseColors.swift in Sources */,
				65B1C8302BB248D600521468 /* RetryButton.swift in Sources */,
				65B1C8D62BB3176100521468 /* LeafNodeLoaderWithFallbackComposite.swift in Sources */,
				65B1C8542BB254C200521468 /* RootView.swift in Sources */,
				65B1C8282BB2440E00521468 /* DesignLibrary.swift in Sources */,
				65B1C8272BB2440E00521468 /* ColorTokens.swift in Sources */,
				65B1C8382BB2492800521468 /* TreeCellViewModel.swift in Sources */,
				65B1C83B2BB2492800521468 /* TreeViewModel.swift in Sources */,
				65B1C82F2BB248D600521468 /* NavBarModifier.swift in Sources */,
				65B1C7972BB1D38E00521468 /* IMGLYApp.swift in Sources */,
				65B1C82A2BB2440E00521468 /* FontTokens.swift in Sources */,
				65B1C8252BB2440E00521468 /* MiscellaneousTokens.swift in Sources */,
				65B1C8582BB25AA600521468 /* SplashScreen.swift in Sources */,
				65B1C84F2BB2523000521468 /* Flow.swift in Sources */,
				65B1C8472BB2508D00521468 /* TreeNodeFactory.swift in Sources */,
				65B1C85A2BB25CC000521468 /* LeafNodeFactory.swift in Sources */,
				65B1C8602BB25D1200521468 /* CardView.swift in Sources */,
				65B1C8612BB25D1200521468 /* LeafViewModel.swift in Sources */,
				65B1C83A2BB2492800521468 /* TreeView.swift in Sources */,
			);
			runOnlyForDeploymentPostprocessing = 0;
		};
		65B1C79F2BB1D39100521468 /* Sources */ = {
			isa = PBXSourcesBuildPhase;
			buildActionMask = 2147483647;
			files = (
				65B1C8652BB260C000521468 /* TreeViewModelTests.swift in Sources */,
				65B1C8792BB2ACF100521468 /* TreeViewSnapShotTests.swift in Sources */,
				65B1C8512BB252FF00521468 /* NavigationTests.swift in Sources */,
				65B1C8662BB2676C00521468 /* XCTestCase+MemoryLeakTracking.swift in Sources */,
				65B1C88E2BB2B83E00521468 /* LeafViewSnapShotTests.swift in Sources */,
				65B1C8672BB26B1500521468 /* Helpers.swift in Sources */,
				65B1C86A2BB27F9700521468 /* LeafViewModelTests.swift in Sources */,
				65B1C86D2BB27FDB00521468 /* Helper.swift in Sources */,
			);
			runOnlyForDeploymentPostprocessing = 0;
		};
		65B1C7C52BB1DA1400521468 /* Sources */ = {
			isa = PBXSourcesBuildPhase;
			buildActionMask = 2147483647;
			files = (
				65B1C8DE2BB3181300521468 /* LeafNodeCache.swift in Sources */,
				65B1C8072BB2353C00521468 /* LeafNodeEndPoint.swift in Sources */,
				65B1C8E42BB3182500521468 /* LocalLeafNodeLoader.swift in Sources */,
				65B1C7EF2BB2300D00521468 /* RemoteTreeNodeLoader.swift in Sources */,
				65B1C7E42BB1DE2700521468 /* TreeNodeLoader.swift in Sources */,
				65B1C8DB2BB317D800521468 /* CodableFileSystemAdapter.swift in Sources */,
				65B1C8022BB2345800521468 /* RemoteLeafNodeLoader.swift in Sources */,
				65B1C7FB2BB2338600521468 /* LeafNodeLoader.swift in Sources */,
				65B1C7F22BB2306700521468 /* HTTPClient.swift in Sources */,
				65B1C7F42BB2309F00521468 /* RemoteTreeMapper.swift in Sources */,
				65B1C8DC2BB317D800521468 /* LocalStore.swift in Sources */,
				65B1C8432BB24A5000521468 /* StubbedResponses.swift in Sources */,
				65B1C7F62BB2328A00521468 /* URLSessionHttpAdapter.swift in Sources */,
				65B1C8E52BB3182500521468 /* LocalLeafNodeMapper.swift in Sources */,
				65B1C7E22BB1DD5F00521468 /* TreeNode.swift in Sources */,
				65B1C8E32BB3182500521468 /* LocalLeafNode.swift in Sources */,
				65B1C7FC2BB2338600521468 /* LeafNode.swift in Sources */,
				65B1C8052BB234D600521468 /* TreeNodeEndPoint.swift in Sources */,
				65B1C8012BB2345800521468 /* RemoteLeafNodeMapper.swift in Sources */,
			);
			runOnlyForDeploymentPostprocessing = 0;
		};
		65B1C7CC2BB1DA1500521468 /* Sources */ = {
			isa = PBXSourcesBuildPhase;
			buildActionMask = 2147483647;
			files = (
				65B1C8092BB236A300521468 /* RemoteLeafNodeLoaderTests.swift in Sources */,
				65B1C7E92BB1DEF100521468 /* RemoteTreeNodeLoaderTests.swift in Sources */,
				65B1C7EC2BB1E8F000521468 /* XCTestCase+MemoryLeakTracking.swift in Sources */,
				65B1C80C2BB2372D00521468 /* Helpers.swift in Sources */,
			);
			runOnlyForDeploymentPostprocessing = 0;
		};
		65B1C8C12BB2C0E800521468 /* Sources */ = {
			isa = PBXSourcesBuildPhase;
			buildActionMask = 2147483647;
			files = (
				65B1C8D12BB2C6F000521468 /* TreeViewScreen.swift in Sources */,
				65B1C8C82BB2C0E800521468 /* IMGLYUITests.swift in Sources */,
			);
			runOnlyForDeploymentPostprocessing = 0;
		};
/* End PBXSourcesBuildPhase section */

/* Begin PBXTargetDependency section */
		65B1C7A52BB1D39100521468 /* PBXTargetDependency */ = {
			isa = PBXTargetDependency;
			target = 65B1C7922BB1D38E00521468 /* IMGLY */;
			targetProxy = 65B1C7A42BB1D39100521468 /* PBXContainerItemProxy */;
		};
		65B1C7D32BB1DA1500521468 /* PBXTargetDependency */ = {
			isa = PBXTargetDependency;
			target = 65B1C7C82BB1DA1400521468 /* Core */;
			targetProxy = 65B1C7D22BB1DA1500521468 /* PBXContainerItemProxy */;
		};
		65B1C8402BB2494500521468 /* PBXTargetDependency */ = {
			isa = PBXTargetDependency;
			target = 65B1C7C82BB1DA1400521468 /* Core */;
			targetProxy = 65B1C83F2BB2494500521468 /* PBXContainerItemProxy */;
		};
		65B1C8742BB283A100521468 /* PBXTargetDependency */ = {
			isa = PBXTargetDependency;
			target = 65B1C7922BB1D38E00521468 /* IMGLY */;
			targetProxy = 65B1C8732BB283A100521468 /* PBXContainerItemProxy */;
		};
		65B1C8CC2BB2C0E800521468 /* PBXTargetDependency */ = {
			isa = PBXTargetDependency;
			target = 65B1C7922BB1D38E00521468 /* IMGLY */;
			targetProxy = 65B1C8CB2BB2C0E800521468 /* PBXContainerItemProxy */;
		};
/* End PBXTargetDependency section */

/* Begin XCBuildConfiguration section */
		65B1C7B52BB1D39100521468 /* Debug */ = {
			isa = XCBuildConfiguration;
			buildSettings = {
				ALWAYS_SEARCH_USER_PATHS = NO;
				ASSETCATALOG_COMPILER_GENERATE_SWIFT_ASSET_SYMBOL_EXTENSIONS = YES;
				CLANG_ANALYZER_NONNULL = YES;
				CLANG_ANALYZER_NUMBER_OBJECT_CONVERSION = YES_AGGRESSIVE;
				CLANG_CXX_LANGUAGE_STANDARD = "gnu++20";
				CLANG_ENABLE_MODULES = YES;
				CLANG_ENABLE_OBJC_ARC = YES;
				CLANG_ENABLE_OBJC_WEAK = YES;
				CLANG_WARN_BLOCK_CAPTURE_AUTORELEASING = YES;
				CLANG_WARN_BOOL_CONVERSION = YES;
				CLANG_WARN_COMMA = YES;
				CLANG_WARN_CONSTANT_CONVERSION = YES;
				CLANG_WARN_DEPRECATED_OBJC_IMPLEMENTATIONS = YES;
				CLANG_WARN_DIRECT_OBJC_ISA_USAGE = YES_ERROR;
				CLANG_WARN_DOCUMENTATION_COMMENTS = YES;
				CLANG_WARN_EMPTY_BODY = YES;
				CLANG_WARN_ENUM_CONVERSION = YES;
				CLANG_WARN_INFINITE_RECURSION = YES;
				CLANG_WARN_INT_CONVERSION = YES;
				CLANG_WARN_NON_LITERAL_NULL_CONVERSION = YES;
				CLANG_WARN_OBJC_IMPLICIT_RETAIN_SELF = YES;
				CLANG_WARN_OBJC_LITERAL_CONVERSION = YES;
				CLANG_WARN_OBJC_ROOT_CLASS = YES_ERROR;
				CLANG_WARN_QUOTED_INCLUDE_IN_FRAMEWORK_HEADER = YES;
				CLANG_WARN_RANGE_LOOP_ANALYSIS = YES;
				CLANG_WARN_STRICT_PROTOTYPES = YES;
				CLANG_WARN_SUSPICIOUS_MOVE = YES;
				CLANG_WARN_UNGUARDED_AVAILABILITY = YES_AGGRESSIVE;
				CLANG_WARN_UNREACHABLE_CODE = YES;
				CLANG_WARN__DUPLICATE_METHOD_MATCH = YES;
				COPY_PHASE_STRIP = NO;
				DEBUG_INFORMATION_FORMAT = dwarf;
				ENABLE_STRICT_OBJC_MSGSEND = YES;
				ENABLE_TESTABILITY = YES;
				ENABLE_USER_SCRIPT_SANDBOXING = YES;
				GCC_C_LANGUAGE_STANDARD = gnu17;
				GCC_DYNAMIC_NO_PIC = NO;
				GCC_NO_COMMON_BLOCKS = YES;
				GCC_OPTIMIZATION_LEVEL = 0;
				GCC_PREPROCESSOR_DEFINITIONS = (
					"DEBUG=1",
					"$(inherited)",
				);
				GCC_WARN_64_TO_32_BIT_CONVERSION = YES;
				GCC_WARN_ABOUT_RETURN_TYPE = YES_ERROR;
				GCC_WARN_UNDECLARED_SELECTOR = YES;
				GCC_WARN_UNINITIALIZED_AUTOS = YES_AGGRESSIVE;
				GCC_WARN_UNUSED_FUNCTION = YES;
				GCC_WARN_UNUSED_VARIABLE = YES;
				IPHONEOS_DEPLOYMENT_TARGET = 17.4;
				LOCALIZATION_PREFERS_STRING_CATALOGS = YES;
				MTL_ENABLE_DEBUG_INFO = INCLUDE_SOURCE;
				MTL_FAST_MATH = YES;
				ONLY_ACTIVE_ARCH = YES;
				SDKROOT = iphoneos;
				SWIFT_ACTIVE_COMPILATION_CONDITIONS = "DEBUG $(inherited)";
				SWIFT_OPTIMIZATION_LEVEL = "-Onone";
			};
			name = Debug;
		};
		65B1C7B62BB1D39100521468 /* Release */ = {
			isa = XCBuildConfiguration;
			buildSettings = {
				ALWAYS_SEARCH_USER_PATHS = NO;
				ASSETCATALOG_COMPILER_GENERATE_SWIFT_ASSET_SYMBOL_EXTENSIONS = YES;
				CLANG_ANALYZER_NONNULL = YES;
				CLANG_ANALYZER_NUMBER_OBJECT_CONVERSION = YES_AGGRESSIVE;
				CLANG_CXX_LANGUAGE_STANDARD = "gnu++20";
				CLANG_ENABLE_MODULES = YES;
				CLANG_ENABLE_OBJC_ARC = YES;
				CLANG_ENABLE_OBJC_WEAK = YES;
				CLANG_WARN_BLOCK_CAPTURE_AUTORELEASING = YES;
				CLANG_WARN_BOOL_CONVERSION = YES;
				CLANG_WARN_COMMA = YES;
				CLANG_WARN_CONSTANT_CONVERSION = YES;
				CLANG_WARN_DEPRECATED_OBJC_IMPLEMENTATIONS = YES;
				CLANG_WARN_DIRECT_OBJC_ISA_USAGE = YES_ERROR;
				CLANG_WARN_DOCUMENTATION_COMMENTS = YES;
				CLANG_WARN_EMPTY_BODY = YES;
				CLANG_WARN_ENUM_CONVERSION = YES;
				CLANG_WARN_INFINITE_RECURSION = YES;
				CLANG_WARN_INT_CONVERSION = YES;
				CLANG_WARN_NON_LITERAL_NULL_CONVERSION = YES;
				CLANG_WARN_OBJC_IMPLICIT_RETAIN_SELF = YES;
				CLANG_WARN_OBJC_LITERAL_CONVERSION = YES;
				CLANG_WARN_OBJC_ROOT_CLASS = YES_ERROR;
				CLANG_WARN_QUOTED_INCLUDE_IN_FRAMEWORK_HEADER = YES;
				CLANG_WARN_RANGE_LOOP_ANALYSIS = YES;
				CLANG_WARN_STRICT_PROTOTYPES = YES;
				CLANG_WARN_SUSPICIOUS_MOVE = YES;
				CLANG_WARN_UNGUARDED_AVAILABILITY = YES_AGGRESSIVE;
				CLANG_WARN_UNREACHABLE_CODE = YES;
				CLANG_WARN__DUPLICATE_METHOD_MATCH = YES;
				COPY_PHASE_STRIP = NO;
				DEBUG_INFORMATION_FORMAT = "dwarf-with-dsym";
				ENABLE_NS_ASSERTIONS = NO;
				ENABLE_STRICT_OBJC_MSGSEND = YES;
				ENABLE_USER_SCRIPT_SANDBOXING = YES;
				GCC_C_LANGUAGE_STANDARD = gnu17;
				GCC_NO_COMMON_BLOCKS = YES;
				GCC_WARN_64_TO_32_BIT_CONVERSION = YES;
				GCC_WARN_ABOUT_RETURN_TYPE = YES_ERROR;
				GCC_WARN_UNDECLARED_SELECTOR = YES;
				GCC_WARN_UNINITIALIZED_AUTOS = YES_AGGRESSIVE;
				GCC_WARN_UNUSED_FUNCTION = YES;
				GCC_WARN_UNUSED_VARIABLE = YES;
				IPHONEOS_DEPLOYMENT_TARGET = 17.4;
				LOCALIZATION_PREFERS_STRING_CATALOGS = YES;
				MTL_ENABLE_DEBUG_INFO = NO;
				MTL_FAST_MATH = YES;
				SDKROOT = iphoneos;
				SWIFT_COMPILATION_MODE = wholemodule;
				VALIDATE_PRODUCT = YES;
			};
			name = Release;
		};
		65B1C7B82BB1D39100521468 /* Debug */ = {
			isa = XCBuildConfiguration;
			buildSettings = {
				ASSETCATALOG_COMPILER_APPICON_NAME = AppIcon;
				ASSETCATALOG_COMPILER_GLOBAL_ACCENT_COLOR_NAME = AccentColor;
				CODE_SIGN_STYLE = Automatic;
				CURRENT_PROJECT_VERSION = 1;
				DEVELOPMENT_ASSET_PATHS = "\"IMGLY/Preview Content\"";
				DEVELOPMENT_TEAM = ADTR2923N7;
				ENABLE_PREVIEWS = YES;
				GENERATE_INFOPLIST_FILE = YES;
				INFOPLIST_FILE = IMGLY/Info.plist;
				INFOPLIST_KEY_LSApplicationCategoryType = "";
				INFOPLIST_KEY_UIApplicationSceneManifest_Generation = YES;
				INFOPLIST_KEY_UIApplicationSupportsIndirectInputEvents = YES;
				INFOPLIST_KEY_UISupportedInterfaceOrientations_iPad = "UIInterfaceOrientationPortrait UIInterfaceOrientationPortraitUpsideDown UIInterfaceOrientationLandscapeLeft UIInterfaceOrientationLandscapeRight";
				INFOPLIST_KEY_UISupportedInterfaceOrientations_iPhone = "UIInterfaceOrientationPortrait UIInterfaceOrientationLandscapeLeft UIInterfaceOrientationLandscapeRight";
				LD_RUNPATH_SEARCH_PATHS = (
					"$(inherited)",
					"@executable_path/Frameworks",
				);
				MARKETING_VERSION = 1.0;
				PRODUCT_BUNDLE_IDENTIFIER = abdul.IMGLY;
				PRODUCT_NAME = "$(TARGET_NAME)";
				SWIFT_EMIT_LOC_STRINGS = YES;
				SWIFT_VERSION = 5.0;
				TARGETED_DEVICE_FAMILY = "1,2";
			};
			name = Debug;
		};
		65B1C7B92BB1D39100521468 /* Release */ = {
			isa = XCBuildConfiguration;
			buildSettings = {
				ASSETCATALOG_COMPILER_APPICON_NAME = AppIcon;
				ASSETCATALOG_COMPILER_GLOBAL_ACCENT_COLOR_NAME = AccentColor;
				CODE_SIGN_STYLE = Automatic;
				CURRENT_PROJECT_VERSION = 1;
				DEVELOPMENT_ASSET_PATHS = "\"IMGLY/Preview Content\"";
				DEVELOPMENT_TEAM = ADTR2923N7;
				ENABLE_PREVIEWS = YES;
				GENERATE_INFOPLIST_FILE = YES;
				INFOPLIST_FILE = IMGLY/Info.plist;
				INFOPLIST_KEY_LSApplicationCategoryType = "";
				INFOPLIST_KEY_UIApplicationSceneManifest_Generation = YES;
				INFOPLIST_KEY_UIApplicationSupportsIndirectInputEvents = YES;
				INFOPLIST_KEY_UISupportedInterfaceOrientations_iPad = "UIInterfaceOrientationPortrait UIInterfaceOrientationPortraitUpsideDown UIInterfaceOrientationLandscapeLeft UIInterfaceOrientationLandscapeRight";
				INFOPLIST_KEY_UISupportedInterfaceOrientations_iPhone = "UIInterfaceOrientationPortrait UIInterfaceOrientationLandscapeLeft UIInterfaceOrientationLandscapeRight";
				LD_RUNPATH_SEARCH_PATHS = (
					"$(inherited)",
					"@executable_path/Frameworks",
				);
				MARKETING_VERSION = 1.0;
				PRODUCT_BUNDLE_IDENTIFIER = abdul.IMGLY;
				PRODUCT_NAME = "$(TARGET_NAME)";
				SWIFT_EMIT_LOC_STRINGS = YES;
				SWIFT_VERSION = 5.0;
				TARGETED_DEVICE_FAMILY = "1,2";
			};
			name = Release;
		};
		65B1C7BB2BB1D39100521468 /* Debug */ = {
			isa = XCBuildConfiguration;
			buildSettings = {
				ALWAYS_EMBED_SWIFT_STANDARD_LIBRARIES = YES;
				BUNDLE_LOADER = "$(TEST_HOST)";
				CODE_SIGN_STYLE = Automatic;
				CURRENT_PROJECT_VERSION = 1;
				DEVELOPMENT_TEAM = ADTR2923N7;
				GENERATE_INFOPLIST_FILE = YES;
				IPHONEOS_DEPLOYMENT_TARGET = 17.4;
				MARKETING_VERSION = 1.0;
				PRODUCT_BUNDLE_IDENTIFIER = abdul.IMGLYTests;
				PRODUCT_NAME = "$(TARGET_NAME)";
				SWIFT_EMIT_LOC_STRINGS = NO;
				SWIFT_VERSION = 5.0;
				TARGETED_DEVICE_FAMILY = "1,2";
				TEST_HOST = "$(BUILT_PRODUCTS_DIR)/IMGLY.app/$(BUNDLE_EXECUTABLE_FOLDER_PATH)/IMGLY";
			};
			name = Debug;
		};
		65B1C7BC2BB1D39100521468 /* Release */ = {
			isa = XCBuildConfiguration;
			buildSettings = {
				ALWAYS_EMBED_SWIFT_STANDARD_LIBRARIES = YES;
				BUNDLE_LOADER = "$(TEST_HOST)";
				CODE_SIGN_STYLE = Automatic;
				CURRENT_PROJECT_VERSION = 1;
				DEVELOPMENT_TEAM = ADTR2923N7;
				GENERATE_INFOPLIST_FILE = YES;
				IPHONEOS_DEPLOYMENT_TARGET = 17.4;
				MARKETING_VERSION = 1.0;
				PRODUCT_BUNDLE_IDENTIFIER = abdul.IMGLYTests;
				PRODUCT_NAME = "$(TARGET_NAME)";
				SWIFT_EMIT_LOC_STRINGS = NO;
				SWIFT_VERSION = 5.0;
				TARGETED_DEVICE_FAMILY = "1,2";
				TEST_HOST = "$(BUILT_PRODUCTS_DIR)/IMGLY.app/$(BUNDLE_EXECUTABLE_FOLDER_PATH)/IMGLY";
			};
			name = Release;
		};
		65B1C7D82BB1DA1500521468 /* Debug */ = {
			isa = XCBuildConfiguration;
			buildSettings = {
				BUILD_LIBRARY_FOR_DISTRIBUTION = YES;
				CLANG_ENABLE_MODULES = YES;
				CODE_SIGN_STYLE = Automatic;
				COMBINE_HIDPI_IMAGES = YES;
				CURRENT_PROJECT_VERSION = 1;
				DEFINES_MODULE = YES;
				DEVELOPMENT_TEAM = ADTR2923N7;
				DYLIB_COMPATIBILITY_VERSION = 1;
				DYLIB_CURRENT_VERSION = 1;
				DYLIB_INSTALL_NAME_BASE = "@rpath";
				ENABLE_MODULE_VERIFIER = YES;
				GENERATE_INFOPLIST_FILE = YES;
				INFOPLIST_KEY_NSHumanReadableCopyright = "";
				INSTALL_PATH = "$(LOCAL_LIBRARY_DIR)/Frameworks";
				LD_RUNPATH_SEARCH_PATHS = (
					"$(inherited)",
					"@executable_path/../Frameworks",
					"@loader_path/Frameworks",
				);
				MACOSX_DEPLOYMENT_TARGET = 14.4;
				MARKETING_VERSION = 1.0;
				MODULE_VERIFIER_SUPPORTED_LANGUAGES = "objective-c objective-c++";
				MODULE_VERIFIER_SUPPORTED_LANGUAGE_STANDARDS = "gnu17 gnu++20";
				PRODUCT_BUNDLE_IDENTIFIER = abdul.Core;
				PRODUCT_NAME = "$(TARGET_NAME:c99extidentifier)";
				SDKROOT = macosx;
				SKIP_INSTALL = YES;
				SUPPORTED_PLATFORMS = "iphoneos iphonesimulator macosx";
				SUPPORTS_MACCATALYST = NO;
				SWIFT_EMIT_LOC_STRINGS = YES;
				SWIFT_INSTALL_OBJC_HEADER = NO;
				SWIFT_OPTIMIZATION_LEVEL = "-Onone";
				SWIFT_VERSION = 5.0;
				TARGETED_DEVICE_FAMILY = 1;
				VERSIONING_SYSTEM = "apple-generic";
				VERSION_INFO_PREFIX = "";
			};
			name = Debug;
		};
		65B1C7D92BB1DA1500521468 /* Release */ = {
			isa = XCBuildConfiguration;
			buildSettings = {
				BUILD_LIBRARY_FOR_DISTRIBUTION = YES;
				CLANG_ENABLE_MODULES = YES;
				CODE_SIGN_STYLE = Automatic;
				COMBINE_HIDPI_IMAGES = YES;
				CURRENT_PROJECT_VERSION = 1;
				DEFINES_MODULE = YES;
				DEVELOPMENT_TEAM = ADTR2923N7;
				DYLIB_COMPATIBILITY_VERSION = 1;
				DYLIB_CURRENT_VERSION = 1;
				DYLIB_INSTALL_NAME_BASE = "@rpath";
				ENABLE_MODULE_VERIFIER = YES;
				GENERATE_INFOPLIST_FILE = YES;
				INFOPLIST_KEY_NSHumanReadableCopyright = "";
				INSTALL_PATH = "$(LOCAL_LIBRARY_DIR)/Frameworks";
				LD_RUNPATH_SEARCH_PATHS = (
					"$(inherited)",
					"@executable_path/../Frameworks",
					"@loader_path/Frameworks",
				);
				MACOSX_DEPLOYMENT_TARGET = 14.4;
				MARKETING_VERSION = 1.0;
				MODULE_VERIFIER_SUPPORTED_LANGUAGES = "objective-c objective-c++";
				MODULE_VERIFIER_SUPPORTED_LANGUAGE_STANDARDS = "gnu17 gnu++20";
				PRODUCT_BUNDLE_IDENTIFIER = abdul.Core;
				PRODUCT_NAME = "$(TARGET_NAME:c99extidentifier)";
				SDKROOT = macosx;
				SKIP_INSTALL = YES;
				SUPPORTED_PLATFORMS = "iphoneos iphonesimulator macosx";
				SUPPORTS_MACCATALYST = NO;
				SWIFT_EMIT_LOC_STRINGS = YES;
				SWIFT_INSTALL_OBJC_HEADER = NO;
				SWIFT_VERSION = 5.0;
				TARGETED_DEVICE_FAMILY = 1;
				VERSIONING_SYSTEM = "apple-generic";
				VERSION_INFO_PREFIX = "";
			};
			name = Release;
		};
		65B1C7DA2BB1DA1500521468 /* Debug */ = {
			isa = XCBuildConfiguration;
			buildSettings = {
				ALWAYS_EMBED_SWIFT_STANDARD_LIBRARIES = YES;
				BUNDLE_LOADER = "$(TEST_HOST)";
				CODE_SIGN_STYLE = Automatic;
				CURRENT_PROJECT_VERSION = 1;
				DEVELOPMENT_TEAM = ADTR2923N7;
				GENERATE_INFOPLIST_FILE = YES;
				MACOSX_DEPLOYMENT_TARGET = 14.4;
				MARKETING_VERSION = 1.0;
				PRODUCT_BUNDLE_IDENTIFIER = abdul.CoreTests;
				PRODUCT_NAME = "$(TARGET_NAME)";
				SDKROOT = macosx;
				SUPPORTED_PLATFORMS = "iphoneos iphonesimulator macosx";
				SUPPORTS_MACCATALYST = NO;
				SWIFT_EMIT_LOC_STRINGS = NO;
				SWIFT_VERSION = 5.0;
				TARGETED_DEVICE_FAMILY = 1;
				TEST_HOST = "$(BUILT_PRODUCTS_DIR)/IMGLY.app/$(BUNDLE_EXECUTABLE_FOLDER_PATH)/IMGLY";
			};
			name = Debug;
		};
		65B1C7DB2BB1DA1500521468 /* Release */ = {
			isa = XCBuildConfiguration;
			buildSettings = {
				ALWAYS_EMBED_SWIFT_STANDARD_LIBRARIES = YES;
				BUNDLE_LOADER = "$(TEST_HOST)";
				CODE_SIGN_STYLE = Automatic;
				CURRENT_PROJECT_VERSION = 1;
				DEVELOPMENT_TEAM = ADTR2923N7;
				GENERATE_INFOPLIST_FILE = YES;
				MACOSX_DEPLOYMENT_TARGET = 14.4;
				MARKETING_VERSION = 1.0;
				PRODUCT_BUNDLE_IDENTIFIER = abdul.CoreTests;
				PRODUCT_NAME = "$(TARGET_NAME)";
				SDKROOT = macosx;
				SUPPORTED_PLATFORMS = "iphoneos iphonesimulator macosx";
				SUPPORTS_MACCATALYST = NO;
				SWIFT_EMIT_LOC_STRINGS = NO;
				SWIFT_VERSION = 5.0;
				TARGETED_DEVICE_FAMILY = 1;
				TEST_HOST = "$(BUILT_PRODUCTS_DIR)/IMGLY.app/$(BUNDLE_EXECUTABLE_FOLDER_PATH)/IMGLY";
			};
			name = Release;
		};
		65B1C8CE2BB2C0E800521468 /* Debug */ = {
			isa = XCBuildConfiguration;
			buildSettings = {
				CODE_SIGN_STYLE = Automatic;
				CURRENT_PROJECT_VERSION = 1;
				DEVELOPMENT_TEAM = ADTR2923N7;
				GENERATE_INFOPLIST_FILE = YES;
				MARKETING_VERSION = 1.0;
				PRODUCT_BUNDLE_IDENTIFIER = abdul.IMGLYUITests;
				PRODUCT_NAME = "$(TARGET_NAME)";
				SWIFT_EMIT_LOC_STRINGS = NO;
				SWIFT_VERSION = 5.0;
				TARGETED_DEVICE_FAMILY = "1,2";
				TEST_TARGET_NAME = IMGLY;
			};
			name = Debug;
		};
		65B1C8CF2BB2C0E800521468 /* Release */ = {
			isa = XCBuildConfiguration;
			buildSettings = {
				CODE_SIGN_STYLE = Automatic;
				CURRENT_PROJECT_VERSION = 1;
				DEVELOPMENT_TEAM = ADTR2923N7;
				GENERATE_INFOPLIST_FILE = YES;
				MARKETING_VERSION = 1.0;
				PRODUCT_BUNDLE_IDENTIFIER = abdul.IMGLYUITests;
				PRODUCT_NAME = "$(TARGET_NAME)";
				SWIFT_EMIT_LOC_STRINGS = NO;
				SWIFT_VERSION = 5.0;
				TARGETED_DEVICE_FAMILY = "1,2";
				TEST_TARGET_NAME = IMGLY;
			};
			name = Release;
		};
/* End XCBuildConfiguration section */

/* Begin XCConfigurationList section */
		65B1C78E2BB1D38E00521468 /* Build configuration list for PBXProject "IMGLY" */ = {
			isa = XCConfigurationList;
			buildConfigurations = (
				65B1C7B52BB1D39100521468 /* Debug */,
				65B1C7B62BB1D39100521468 /* Release */,
			);
			defaultConfigurationIsVisible = 0;
			defaultConfigurationName = Release;
		};
		65B1C7B72BB1D39100521468 /* Build configuration list for PBXNativeTarget "IMGLY" */ = {
			isa = XCConfigurationList;
			buildConfigurations = (
				65B1C7B82BB1D39100521468 /* Debug */,
				65B1C7B92BB1D39100521468 /* Release */,
			);
			defaultConfigurationIsVisible = 0;
			defaultConfigurationName = Release;
		};
		65B1C7BA2BB1D39100521468 /* Build configuration list for PBXNativeTarget "IMGLYTests" */ = {
			isa = XCConfigurationList;
			buildConfigurations = (
				65B1C7BB2BB1D39100521468 /* Debug */,
				65B1C7BC2BB1D39100521468 /* Release */,
			);
			defaultConfigurationIsVisible = 0;
			defaultConfigurationName = Release;
		};
		65B1C7DC2BB1DA1500521468 /* Build configuration list for PBXNativeTarget "Core" */ = {
			isa = XCConfigurationList;
			buildConfigurations = (
				65B1C7D82BB1DA1500521468 /* Debug */,
				65B1C7D92BB1DA1500521468 /* Release */,
			);
			defaultConfigurationIsVisible = 0;
			defaultConfigurationName = Release;
		};
		65B1C7DD2BB1DA1500521468 /* Build configuration list for PBXNativeTarget "CoreTests" */ = {
			isa = XCConfigurationList;
			buildConfigurations = (
				65B1C7DA2BB1DA1500521468 /* Debug */,
				65B1C7DB2BB1DA1500521468 /* Release */,
			);
			defaultConfigurationIsVisible = 0;
			defaultConfigurationName = Release;
		};
		65B1C8CD2BB2C0E800521468 /* Build configuration list for PBXNativeTarget "IMGLYUITests" */ = {
			isa = XCConfigurationList;
			buildConfigurations = (
				65B1C8CE2BB2C0E800521468 /* Debug */,
				65B1C8CF2BB2C0E800521468 /* Release */,
			);
			defaultConfigurationIsVisible = 0;
			defaultConfigurationName = Release;
		};
/* End XCConfigurationList section */

/* Begin XCRemoteSwiftPackageReference section */
		65B1C86E2BB2832400521468 /* XCRemoteSwiftPackageReference "swift-snapshot-testing" */ = {
			isa = XCRemoteSwiftPackageReference;
			repositoryURL = "https://github.com/pointfreeco/swift-snapshot-testing.git";
			requirement = {
				kind = upToNextMajorVersion;
				minimumVersion = 1.15.4;
			};
		};
/* End XCRemoteSwiftPackageReference section */

/* Begin XCSwiftPackageProductDependency section */
		65B1C86F2BB2832400521468 /* InlineSnapshotTesting */ = {
			isa = XCSwiftPackageProductDependency;
			package = 65B1C86E2BB2832400521468 /* XCRemoteSwiftPackageReference "swift-snapshot-testing" */;
			productName = InlineSnapshotTesting;
		};
		65B1C8712BB2832400521468 /* SnapshotTesting */ = {
			isa = XCSwiftPackageProductDependency;
			package = 65B1C86E2BB2832400521468 /* XCRemoteSwiftPackageReference "swift-snapshot-testing" */;
			productName = SnapshotTesting;
		};
/* End XCSwiftPackageProductDependency section */
	};
	rootObject = 65B1C78B2BB1D38E00521468 /* Project object */;
}
